{
  "version": 4,
  "terraform_version": "1.1.6",
  "serial": 367,
  "lineage": "7866c2f9-06e6-7a3e-537a-6a8b77dec333",
  "outputs": {},
  "resources": [
    {
      "mode": "data",
      "type": "aws_availability_zones",
      "name": "available",
      "provider": "provider[\"registry.terraform.io/hashicorp/aws\"]",
      "instances": [
        {
          "schema_version": 0,
          "attributes": {
            "all_availability_zones": null,
            "exclude_names": null,
            "exclude_zone_ids": null,
            "filter": null,
            "group_names": [
              "ap-southeast-1"
            ],
            "id": "ap-southeast-1",
            "names": [
              "ap-southeast-1a",
              "ap-southeast-1b",
              "ap-southeast-1c"
            ],
            "state": null,
            "zone_ids": [
              "apse1-az2",
              "apse1-az1",
              "apse1-az3"
            ]
          },
          "sensitive_attributes": []
        }
      ]
    },
    {
      "mode": "data",
      "type": "aws_region",
      "name": "current",
      "provider": "provider[\"registry.terraform.io/hashicorp/aws\"]",
      "instances": [
        {
          "schema_version": 0,
          "attributes": {
            "description": "Asia Pacific (Singapore)",
            "endpoint": "ec2.ap-southeast-1.amazonaws.com",
            "id": "ap-southeast-1",
            "name": "ap-southeast-1"
          },
          "sensitive_attributes": []
        }
      ]
    },
    {
      "module": "module.aws-eks-accelerator-for-terraform",
      "mode": "data",
      "type": "aws_availability_zones",
      "name": "available",
      "provider": "provider[\"registry.terraform.io/hashicorp/aws\"]",
      "instances": [
        {
          "schema_version": 0,
          "attributes": {
            "all_availability_zones": null,
            "exclude_names": null,
            "exclude_zone_ids": null,
            "filter": null,
            "group_names": [
              "ap-southeast-1"
            ],
            "id": "ap-southeast-1",
            "names": [
              "ap-southeast-1a",
              "ap-southeast-1b",
              "ap-southeast-1c"
            ],
            "state": "available",
            "zone_ids": [
              "apse1-az2",
              "apse1-az1",
              "apse1-az3"
            ]
          },
          "sensitive_attributes": []
        }
      ]
    },
    {
      "module": "module.aws-eks-accelerator-for-terraform",
      "mode": "data",
      "type": "aws_caller_identity",
      "name": "current",
      "provider": "provider[\"registry.terraform.io/hashicorp/aws\"]",
      "instances": [
        {
          "schema_version": 0,
          "attributes": {
            "account_id": "214067368354",
            "arn": "arn:aws:sts::214067368354:assumed-role/eksworkspace-admin/i-00596d12c79627aeb",
            "id": "214067368354",
            "user_id": "AROATDV3I2GRKQ4Y37L54:i-00596d12c79627aeb"
          },
          "sensitive_attributes": []
        }
      ]
    },
    {
      "module": "module.aws-eks-accelerator-for-terraform",
      "mode": "data",
      "type": "aws_eks_cluster",
      "name": "cluster",
      "provider": "provider[\"registry.terraform.io/hashicorp/aws\"]",
      "instances": [
        {
          "index_key": 0,
          "schema_version": 0,
          "attributes": {
            "arn": "arn:aws:eks:ap-southeast-1:214067368354:cluster/aws001-preprod-dev-eks",
            "certificate_authority": [
              {
                "data": "LS0tLS1CRUdJTiBDRVJUSUZJQ0FURS0tLS0tCk1JSUM1ekNDQWMrZ0F3SUJBZ0lCQURBTkJna3Foa2lHOXcwQkFRc0ZBREFWTVJNd0VRWURWUVFERXdwcmRXSmwKY201bGRHVnpNQjRYRFRJeU1ETXhOVEUyTlRneE0xb1hEVE15TURNeE1qRTJOVGd4TTFvd0ZURVRNQkVHQTFVRQpBeE1LYTNWaVpYSnVaWFJsY3pDQ0FTSXdEUVlKS29aSWh2Y05BUUVCQlFBRGdnRVBBRENDQVFvQ2dnRUJBTmgvCm82UWQyN1ljNHBRRWhOWGw2aFBrbnY5cUFweXlWUzFDWTdOZ05Da3FzZjlTS0JTUU1EWGJHNHBNbGRLUkN1cVEKTzUzT2t3Rzl4R0xOTCtOblZDV24vTytpZUsvcUJ5Z3dqd3owOFRyZW5ESk1SRnhjaHNKUGpOa01NbXNvRmhmVApjaVQrbmYrY3B2OHRTZEtHSFZMRVA1LzhFSFZBRStydjFKVDNCK3RmYW8zcGswQW05dmxGSmN3UHZtT216alRZCkR6K1dyK3lzSlVtdFdVV0d0SjBhRzNNWEc4dk1DcmxRU3IyRkh2aWd6RkM3ZXBkbHNFUUZnbXk4K3YvVEw2b08KczMyQ3RidWxUUmwxaUNsemtGN3Fvd3pWcjJQeDJqWDA4OXVKR2RPc0RTSU1jRzFVMERaYm1KVTVqZzQ0dnQvRQpoT2twT1BCNGZ4UFFYbWxWRVUwQ0F3RUFBYU5DTUVBd0RnWURWUjBQQVFIL0JBUURBZ0trTUE4R0ExVWRFd0VCCi93UUZNQU1CQWY4d0hRWURWUjBPQkJZRUZOVnB1aEhzZEkrelJ4WXNXb1RWakJtSnVpdFFNQTBHQ1NxR1NJYjMKRFFFQkN3VUFBNElCQVFDMDlvbkFjbFltRCtwejZCdGJreUZOdmpqOHV1WGFUd0tsLzBkSXBFczVnQVl6Rjl6UQo0MXhyT3N3bW10emxLRmpodHZRaXNRSWRIWEJwU3ZHVk5NSzNpTUlwVGxiQm5GYlpheTZ6UUNGMkx6eXloYUQ5Cnc3bVhRTXM1djhBTHdXc0tES2xlbWM0dmh2eGlXU2dBcGVmVWdXWGtpb2V2TEJuNE1Uem4ybDFZYkxBbWJycnoKdGZudkJQRE5yRmdVZVFyd0hKK0g2VUJSOHNkbnBpV1gwaVJ5cUw5ako5S3lUTklJOC9IN3ZjMUkwOHZnMW0zSAoyVVZ0SmVZVkNpRTBzbEtyTm9JU2JmSTlqVFRKcGtmK3VUdkd6b1o2bVVIRmsvWFFOZ0o4YVVhWHJYcis0WjBTCkY0eHBaZW16RnpBRXFSMEd4VjYyQTl5ZWRMYU53RHVRdzNPZAotLS0tLUVORCBDRVJUSUZJQ0FURS0tLS0tCg=="
              }
            ],
            "created_at": "2022-03-15 16:51:43.391 +0000 UTC",
            "enabled_cluster_log_types": [
              "api",
              "audit",
              "authenticator",
              "controllerManager",
              "scheduler"
            ],
            "endpoint": "https://501C1F9F4822C89897210D33F536FE3F.gr7.ap-southeast-1.eks.amazonaws.com",
            "id": "aws001-preprod-dev-eks",
            "identity": [
              {
                "oidc": [
                  {
                    "issuer": "https://oidc.eks.ap-southeast-1.amazonaws.com/id/501C1F9F4822C89897210D33F536FE3F"
                  }
                ]
              }
            ],
            "kubernetes_network_config": [
              {
                "ip_family": "ipv4",
                "service_ipv4_cidr": "172.20.0.0/16"
              }
            ],
            "name": "aws001-preprod-dev-eks",
            "platform_version": "eks.5",
            "role_arn": "arn:aws:iam::214067368354:role/aws001-preprod-dev-eks-cluster-role",
            "status": "ACTIVE",
            "tags": {
              "created-by": "Terraform v1.0.1",
              "environment": "preprod",
              "name": "aws001-preprod-dev-eks",
              "resource": "eks",
              "tenant": "aws001",
              "zone": "dev"
            },
            "version": "1.21",
            "vpc_config": [
              {
                "cluster_security_group_id": "sg-05f915f119b1c4329",
                "endpoint_private_access": false,
                "endpoint_public_access": true,
                "public_access_cidrs": [
                  "0.0.0.0/0"
                ],
                "security_group_ids": [
                  "sg-064910ba7e7ba5dc4"
                ],
                "subnet_ids": [
                  "subnet-02c53631fed085133",
                  "subnet-07f7869dc4bf22f04",
                  "subnet-0d9e3048b9235cdf1"
                ],
                "vpc_id": "vpc-0956d1b5833623678"
              }
            ]
          },
          "sensitive_attributes": []
        }
      ]
    },
    {
      "module": "module.aws-eks-accelerator-for-terraform",
      "mode": "data",
      "type": "aws_eks_cluster_auth",
      "name": "cluster",
      "provider": "provider[\"registry.terraform.io/hashicorp/aws\"]",
      "instances": [
        {
          "index_key": 0,
          "schema_version": 0,
          "attributes": {
            "id": "aws001-preprod-dev-eks",
            "name": "aws001-preprod-dev-eks",
            "token": "k8s-aws-v1.aHR0cHM6Ly9zdHMuYW1hem9uYXdzLmNvbS8_QWN0aW9uPUdldENhbGxlcklkZW50aXR5JlZlcnNpb249MjAxMS0wNi0xNSZYLUFtei1BbGdvcml0aG09QVdTNC1ITUFDLVNIQTI1NiZYLUFtei1DcmVkZW50aWFsPUFTSUFURFYzSTJHUkJJWlhaTDZUJTJGMjAyMjAzMTUlMkZ1cy1lYXN0LTElMkZzdHMlMkZhd3M0X3JlcXVlc3QmWC1BbXotRGF0ZT0yMDIyMDMxNVQxNzAyMzRaJlgtQW16LUV4cGlyZXM9MCZYLUFtei1TZWN1cml0eS1Ub2tlbj1JUW9KYjNKcFoybHVYMlZqRUFFYURtRndMWE52ZFhSb1pXRnpkQzB4SWtjd1JRSWhBTmZ6MVMzRlBJWFl4MnRJbmYwenRPOGtMMnlORm1NRWNRQ0pIcEQ3bnBjS0FpQktodTZva2Zac2UzJTJCSjNJRkdBR3hmbkR3R2s2U2MlMkJYODJJRk42V25qMnB5cUVCQWg2RUFFYURESXhOREEyTnpNMk9ETTFOQ0lNczNIandIUWVDQXhHZkVRcEt1RURKYSUyRllNSEVZWlVPd000SiUyQnFJaE80YTQyJTJGbHBWa2QwOSUyRm9lekxQVnBnZU1mT01nd1AlMkJZSXQwRTBFZW45VzhuQUtta2taWkVZJTJCNlRHU1FITTklMkZNY1lWYkU5SVlINEw2OXhENW5vcUNUYjRMS1JrVDRlbjBtck9lbHJQRFJSWFo4ZFVoZHpQbGlkVHd4b1NFM1NaaUVuY1cxdFVsQndCc1BjMHZHUFk1R0xJcmFaWko1bTJHMHV3Z0dhTktBdUNGNDRvM09yUzBrMGF3ZlZweVRFbXcxMDhYZmF4WDM2OTdOYXh2NHo2V2RxTFVWQ21qTDN3a1dRRzh4MXRzeXlDSW9hRUslMkI2VFJSVXlvTXF1bFpsMllJRjkzWU45OXZiWmVYb255QVVJTkNHbFJGYm5UTkslMkZsTnJLJTJCdzlGeXYwZ2NUNSUyRklaTmdpSGR5YVNtY3RyeWtsRXZHJTJCTVlOcHc1UDYzRnpEMmtDWiUyQkJySFpxU1gzWG1IOHN0WmxyaEV3ZFNoZlBQWENDNkRMazhGTndwdUtPakloZUlqTzFLcUlDT3dNRUZpdnZxJTJCNk1GMUxlQU1lYWI3ZGJuRnA5R3VrOFZ4ODglMkY5aDVtWFUyRU40V00xRnp3ZkJHcm9xZ215ciUyRkclMkZxcndBZmIweHdmZFolMkZtSndZeGZxeEcwRXNCVFhyYjNWY2hDVUJXNUo1UThHemRCMENZek1sSlA5VDMlMkZxWGslMkY3NGR3M0tTQ1hISUhEZkRrRnQlMkZpemJLYlNOYkdIaEZJMiUyRnNQVm5abkp4d0ZWOVlTSUhkaFBWR1pKNEU2aFpwQzdac2lERDdqYyUyQiUyRm1hbFh4aVdjbEdZanRFS3ZaT21uUTVGM0REUWhjT1JCanFsQVFhT00wNDdGJTJCU3hMNmc0R3ZhRWFjbndZQ3hnSUZVWDdvcVFxY1pla0slMkJMTW8zQ3Jvd2QzNnVMRDVQcVZjNEFjWVlha2VoQldxTGI5UldDcFRrVzJjd3RscHlNVlhHRTFNbHdHMzRrRUFOSjRCN2U0eUF3bURDMUpSWHR2TGpydDROcXplblV5WlA0cXhNTjB2YVg1ZUxRRmJZZW5aelY0N0VYazZjTFhwRWhnckNLZVVVJTJCUFpTQWVMNjJYVkltbHUlMkJEUTVLaVFXS0RDNWtoWWR1Wk5mc3RpZzElMkZPQSUzRCUzRCZYLUFtei1TaWduZWRIZWFkZXJzPWhvc3QlM0J4LWs4cy1hd3MtaWQmWC1BbXotU2lnbmF0dXJlPTFkMzFmMWQxYjgzOTk1NGEzNTYzZGVlMjhmYWVmMjljZmNhOGJkZGM4NzMyNTBlNTNjODZlMjQ2YzQzODYwOTk"
          },
          "sensitive_attributes": []
        }
      ]
    },
    {
      "module": "module.aws-eks-accelerator-for-terraform",
      "mode": "data",
      "type": "aws_iam_policy_document",
      "name": "eks_key",
      "provider": "provider[\"registry.terraform.io/hashicorp/aws\"]",
      "instances": [
        {
          "schema_version": 0,
          "attributes": {
            "id": "2845508380",
            "json": "{\n  \"Version\": \"2012-10-17\",\n  \"Statement\": [\n    {\n      \"Sid\": \"Allow access for all principals in the account that are authorized\",\n      \"Effect\": \"Allow\",\n      \"Action\": [\n        \"kms:ReEncrypt*\",\n        \"kms:GenerateDataKey*\",\n        \"kms:Encrypt\",\n        \"kms:DescribeKey\",\n        \"kms:Decrypt\",\n        \"kms:CreateGrant\"\n      ],\n      \"Resource\": \"*\",\n      \"Principal\": {\n        \"AWS\": \"arn:aws:iam::214067368354:root\"\n      },\n      \"Condition\": {\n        \"StringEquals\": {\n          \"kms:CallerAccount\": \"214067368354\",\n          \"kms:ViaService\": \"eks.ap-southeast-1.amazonaws.com\"\n        }\n      }\n    },\n    {\n      \"Sid\": \"Allow direct access to key metadata to the account\",\n      \"Effect\": \"Allow\",\n      \"Action\": [\n        \"kms:RevokeGrant\",\n        \"kms:List*\",\n        \"kms:Get*\",\n        \"kms:Describe*\"\n      ],\n      \"Resource\": \"*\",\n      \"Principal\": {\n        \"AWS\": \"arn:aws:iam::214067368354:root\"\n      }\n    },\n    {\n      \"Sid\": \"Allow access for Key Administrators\",\n      \"Effect\": \"Allow\",\n      \"Action\": \"kms:*\",\n      \"Resource\": \"*\",\n      \"Principal\": {\n        \"AWS\": [\n          \"arn:aws:iam::214067368354:role/eksworkspace-admin\",\n          \"arn:aws:iam::214067368354:role/aws001-preprod-dev-eks-cluster-role\"\n        ]\n      }\n    },\n    {\n      \"Sid\": \"Allow use of the key\",\n      \"Effect\": \"Allow\",\n      \"Action\": [\n        \"kms:ReEncrypt*\",\n        \"kms:GenerateDataKey*\",\n        \"kms:Encrypt\",\n        \"kms:DescribeKey\",\n        \"kms:Decrypt\"\n      ],\n      \"Resource\": \"*\",\n      \"Principal\": {\n        \"AWS\": \"arn:aws:iam::214067368354:role/aws001-preprod-dev-eks-cluster-role\"\n      }\n    },\n    {\n      \"Sid\": \"Allow attachment of persistent resources\",\n      \"Effect\": \"Allow\",\n      \"Action\": [\n        \"kms:RevokeGrant\",\n        \"kms:ListGrants\",\n        \"kms:CreateGrant\"\n      ],\n      \"Resource\": \"*\",\n      \"Principal\": {\n        \"AWS\": \"arn:aws:iam::214067368354:role/aws001-preprod-dev-eks-cluster-role\"\n      },\n      \"Condition\": {\n        \"Bool\": {\n          \"kms:GrantIsForAWSResource\": \"true\"\n        }\n      }\n    }\n  ]\n}",
            "override_json": null,
            "override_policy_documents": null,
            "policy_id": null,
            "source_json": null,
            "source_policy_documents": null,
            "statement": [
              {
                "actions": [
                  "kms:CreateGrant",
                  "kms:Decrypt",
                  "kms:DescribeKey",
                  "kms:Encrypt",
                  "kms:GenerateDataKey*",
                  "kms:ReEncrypt*"
                ],
                "condition": [
                  {
                    "test": "StringEquals",
                    "values": [
                      "214067368354"
                    ],
                    "variable": "kms:CallerAccount"
                  },
                  {
                    "test": "StringEquals",
                    "values": [
                      "eks.ap-southeast-1.amazonaws.com"
                    ],
                    "variable": "kms:ViaService"
                  }
                ],
                "effect": "Allow",
                "not_actions": [],
                "not_principals": [],
                "not_resources": [],
                "principals": [
                  {
                    "identifiers": [
                      "arn:aws:iam::214067368354:root"
                    ],
                    "type": "AWS"
                  }
                ],
                "resources": [
                  "*"
                ],
                "sid": "Allow access for all principals in the account that are authorized"
              },
              {
                "actions": [
                  "kms:Describe*",
                  "kms:Get*",
                  "kms:List*",
                  "kms:RevokeGrant"
                ],
                "condition": [],
                "effect": "Allow",
                "not_actions": [],
                "not_principals": [],
                "not_resources": [],
                "principals": [
                  {
                    "identifiers": [
                      "arn:aws:iam::214067368354:root"
                    ],
                    "type": "AWS"
                  }
                ],
                "resources": [
                  "*"
                ],
                "sid": "Allow direct access to key metadata to the account"
              },
              {
                "actions": [
                  "kms:*"
                ],
                "condition": [],
                "effect": "Allow",
                "not_actions": [],
                "not_principals": [],
                "not_resources": [],
                "principals": [
                  {
                    "identifiers": [
                      "arn:aws:iam::214067368354:role/aws001-preprod-dev-eks-cluster-role",
                      "arn:aws:iam::214067368354:role/eksworkspace-admin"
                    ],
                    "type": "AWS"
                  }
                ],
                "resources": [
                  "*"
                ],
                "sid": "Allow access for Key Administrators"
              },
              {
                "actions": [
                  "kms:Decrypt",
                  "kms:DescribeKey",
                  "kms:Encrypt",
                  "kms:GenerateDataKey*",
                  "kms:ReEncrypt*"
                ],
                "condition": [],
                "effect": "Allow",
                "not_actions": [],
                "not_principals": [],
                "not_resources": [],
                "principals": [
                  {
                    "identifiers": [
                      "arn:aws:iam::214067368354:role/aws001-preprod-dev-eks-cluster-role"
                    ],
                    "type": "AWS"
                  }
                ],
                "resources": [
                  "*"
                ],
                "sid": "Allow use of the key"
              },
              {
                "actions": [
                  "kms:CreateGrant",
                  "kms:ListGrants",
                  "kms:RevokeGrant"
                ],
                "condition": [
                  {
                    "test": "Bool",
                    "values": [
                      "true"
                    ],
                    "variable": "kms:GrantIsForAWSResource"
                  }
                ],
                "effect": "Allow",
                "not_actions": [],
                "not_principals": [],
                "not_resources": [],
                "principals": [
                  {
                    "identifiers": [
                      "arn:aws:iam::214067368354:role/aws001-preprod-dev-eks-cluster-role"
                    ],
                    "type": "AWS"
                  }
                ],
                "resources": [
                  "*"
                ],
                "sid": "Allow attachment of persistent resources"
              }
            ],
            "version": "2012-10-17"
          },
          "sensitive_attributes": []
        }
      ]
    },
    {
      "module": "module.aws-eks-accelerator-for-terraform",
      "mode": "data",
      "type": "aws_iam_session_context",
      "name": "current",
      "provider": "provider[\"registry.terraform.io/hashicorp/aws\"]",
      "instances": [
        {
          "schema_version": 0,
          "attributes": {
            "arn": "arn:aws:sts::214067368354:assumed-role/eksworkspace-admin/i-00596d12c79627aeb",
            "id": "arn:aws:sts::214067368354:assumed-role/eksworkspace-admin/i-00596d12c79627aeb",
            "issuer_arn": "arn:aws:iam::214067368354:role/eksworkspace-admin",
            "issuer_id": "AROATDV3I2GRKQ4Y37L54",
            "issuer_name": "eksworkspace-admin",
            "session_name": "i-00596d12c79627aeb"
          },
          "sensitive_attributes": []
        }
      ]
    },
    {
      "module": "module.aws-eks-accelerator-for-terraform",
      "mode": "data",
      "type": "aws_partition",
      "name": "current",
      "provider": "provider[\"registry.terraform.io/hashicorp/aws\"]",
      "instances": [
        {
          "schema_version": 0,
          "attributes": {
            "dns_suffix": "amazonaws.com",
            "id": "aws",
            "partition": "aws",
            "reverse_dns_prefix": "com.amazonaws"
          },
          "sensitive_attributes": []
        }
      ]
    },
    {
      "module": "module.aws-eks-accelerator-for-terraform",
      "mode": "data",
      "type": "aws_region",
      "name": "current",
      "provider": "provider[\"registry.terraform.io/hashicorp/aws\"]",
      "instances": [
        {
          "schema_version": 0,
          "attributes": {
            "description": "Asia Pacific (Singapore)",
            "endpoint": "ec2.ap-southeast-1.amazonaws.com",
            "id": "ap-southeast-1",
            "name": "ap-southeast-1"
          },
          "sensitive_attributes": []
        }
      ]
    },
    {
      "module": "module.aws-eks-accelerator-for-terraform",
      "mode": "data",
      "type": "http",
      "name": "eks_cluster_readiness",
      "provider": "provider[\"registry.terraform.io/terraform-aws-modules/http\"]",
      "instances": [
        {
          "index_key": 0,
          "schema_version": 0,
          "attributes": {
            "body": "ok",
            "ca_certificate": "-----BEGIN CERTIFICATE-----\nMIIC5zCCAc+gAwIBAgIBADANBgkqhkiG9w0BAQsFADAVMRMwEQYDVQQDEwprdWJl\ncm5ldGVzMB4XDTIyMDMxNTE2NTgxM1oXDTMyMDMxMjE2NTgxM1owFTETMBEGA1UE\nAxMKa3ViZXJuZXRlczCCASIwDQYJKoZIhvcNAQEBBQADggEPADCCAQoCggEBANh/\no6Qd27Yc4pQEhNXl6hPknv9qApyyVS1CY7NgNCkqsf9SKBSQMDXbG4pMldKRCuqQ\nO53OkwG9xGLNL+NnVCWn/O+ieK/qBygwjwz08TrenDJMRFxchsJPjNkMMmsoFhfT\nciT+nf+cpv8tSdKGHVLEP5/8EHVAE+rv1JT3B+tfao3pk0Am9vlFJcwPvmOmzjTY\nDz+Wr+ysJUmtWUWGtJ0aG3MXG8vMCrlQSr2FHvigzFC7epdlsEQFgmy8+v/TL6oO\ns32CtbulTRl1iClzkF7qowzVr2Px2jX089uJGdOsDSIMcG1U0DZbmJU5jg44vt/E\nhOkpOPB4fxPQXmlVEU0CAwEAAaNCMEAwDgYDVR0PAQH/BAQDAgKkMA8GA1UdEwEB\n/wQFMAMBAf8wHQYDVR0OBBYEFNVpuhHsdI+zRxYsWoTVjBmJuitQMA0GCSqGSIb3\nDQEBCwUAA4IBAQC09onAclYmD+pz6BtbkyFNvjj8uuXaTwKl/0dIpEs5gAYzF9zQ\n41xrOswmmtzlKFjhtvQisQIdHXBpSvGVNMK3iMIpTlbBnFbZay6zQCF2LzyyhaD9\nw7mXQMs5v8ALwWsKDKlemc4vhvxiWSgApefUgWXkioevLBn4MTzn2l1YbLAmbrrz\ntfnvBPDNrFgUeQrwHJ+H6UBR8sdnpiWX0iRyqL9jJ9KyTNII8/H7vc1I08vg1m3H\n2UVtJeYVCiE0slKrNoISbfI9jTTJpkf+uTvGzoZ6mUHFk/XQNgJ8aUaXrXr+4Z0S\nF4xpZemzFzAEqR0GxV62A9yedLaNwDuQw3Od\n-----END CERTIFICATE-----\n",
            "id": "https://501C1F9F4822C89897210D33F536FE3F.gr7.ap-southeast-1.eks.amazonaws.com/healthz",
            "insecure": false,
            "request_headers": null,
            "response_headers": {
              "Cache-Control": "no-cache, private",
              "Content-Length": "2",
              "Content-Type": "text/plain; charset=utf-8",
              "Date": "Tue, 15 Mar 2022 17:02:34 GMT",
              "X-Content-Type-Options": "nosniff",
              "X-Kubernetes-Pf-Flowschema-Uid": "82b52747-ceab-440f-afb8-26e2bdb6e78c",
              "X-Kubernetes-Pf-Prioritylevel-Uid": "1b97ed57-a5a8-4cd8-9e1c-36fe9a134de7"
            },
            "timeout": 300,
            "url": "https://501C1F9F4822C89897210D33F536FE3F.gr7.ap-southeast-1.eks.amazonaws.com/healthz"
          },
          "sensitive_attributes": []
        }
      ]
    },
    {
      "module": "module.aws-eks-accelerator-for-terraform.module.aws_eks",
      "mode": "data",
      "type": "aws_caller_identity",
      "name": "current",
      "provider": "provider[\"registry.terraform.io/hashicorp/aws\"]",
      "instances": [
        {
          "schema_version": 0,
          "attributes": {
            "account_id": "214067368354",
            "arn": "arn:aws:sts::214067368354:assumed-role/eksworkspace-admin/i-00596d12c79627aeb",
            "id": "214067368354",
            "user_id": "AROATDV3I2GRKQ4Y37L54:i-00596d12c79627aeb"
          },
          "sensitive_attributes": []
        }
      ]
    },
    {
      "module": "module.aws-eks-accelerator-for-terraform.module.aws_eks",
      "mode": "data",
      "type": "aws_iam_policy_document",
      "name": "cluster_assume_role_policy",
      "provider": "provider[\"registry.terraform.io/hashicorp/aws\"]",
      "instances": [
        {
          "schema_version": 0,
          "attributes": {
            "id": "2764486067",
            "json": "{\n  \"Version\": \"2012-10-17\",\n  \"Statement\": [\n    {\n      \"Sid\": \"EKSClusterAssumeRole\",\n      \"Effect\": \"Allow\",\n      \"Action\": \"sts:AssumeRole\",\n      \"Principal\": {\n        \"Service\": \"eks.amazonaws.com\"\n      }\n    }\n  ]\n}",
            "override_json": null,
            "override_policy_documents": null,
            "policy_id": null,
            "source_json": null,
            "source_policy_documents": null,
            "statement": [
              {
                "actions": [
                  "sts:AssumeRole"
                ],
                "condition": [],
                "effect": "Allow",
                "not_actions": [],
                "not_principals": [],
                "not_resources": [],
                "principals": [
                  {
                    "identifiers": [
                      "eks.amazonaws.com"
                    ],
                    "type": "Service"
                  }
                ],
                "resources": [],
                "sid": "EKSClusterAssumeRole"
              }
            ],
            "version": "2012-10-17"
          },
          "sensitive_attributes": []
        }
      ]
    },
    {
      "module": "module.aws-eks-accelerator-for-terraform.module.aws_eks",
      "mode": "data",
      "type": "aws_iam_policy_document",
      "name": "cluster_elb_sl_role_creation",
      "provider": "provider[\"registry.terraform.io/hashicorp/aws\"]",
      "instances": [
        {
          "index_key": 0,
          "schema_version": 0,
          "attributes": {
            "id": "3709839417",
            "json": "{\n  \"Version\": \"2012-10-17\",\n  \"Statement\": [\n    {\n      \"Sid\": \"\",\n      \"Effect\": \"Allow\",\n      \"Action\": [\n        \"ec2:DescribeInternetGateways\",\n        \"ec2:DescribeAddresses\",\n        \"ec2:DescribeAccountAttributes\"\n      ],\n      \"Resource\": \"*\"\n    }\n  ]\n}",
            "override_json": null,
            "override_policy_documents": null,
            "policy_id": null,
            "source_json": null,
            "source_policy_documents": null,
            "statement": [
              {
                "actions": [
                  "ec2:DescribeAccountAttributes",
                  "ec2:DescribeAddresses",
                  "ec2:DescribeInternetGateways"
                ],
                "condition": [],
                "effect": "Allow",
                "not_actions": [],
                "not_principals": [],
                "not_resources": [],
                "principals": [],
                "resources": [
                  "*"
                ],
                "sid": ""
              }
            ],
            "version": "2012-10-17"
          },
          "sensitive_attributes": []
        }
      ]
    },
    {
      "module": "module.aws-eks-accelerator-for-terraform.module.aws_eks",
      "mode": "data",
      "type": "aws_iam_policy_document",
      "name": "workers_assume_role_policy",
      "provider": "provider[\"registry.terraform.io/hashicorp/aws\"]",
      "instances": [
        {
          "schema_version": 0,
          "attributes": {
            "id": "3778018924",
            "json": "{\n  \"Version\": \"2012-10-17\",\n  \"Statement\": [\n    {\n      \"Sid\": \"EKSWorkerAssumeRole\",\n      \"Effect\": \"Allow\",\n      \"Action\": \"sts:AssumeRole\",\n      \"Principal\": {\n        \"Service\": \"ec2.amazonaws.com\"\n      }\n    }\n  ]\n}",
            "override_json": null,
            "override_policy_documents": null,
            "policy_id": null,
            "source_json": null,
            "source_policy_documents": null,
            "statement": [
              {
                "actions": [
                  "sts:AssumeRole"
                ],
                "condition": [],
                "effect": "Allow",
                "not_actions": [],
                "not_principals": [],
                "not_resources": [],
                "principals": [
                  {
                    "identifiers": [
                      "ec2.amazonaws.com"
                    ],
                    "type": "Service"
                  }
                ],
                "resources": [],
                "sid": "EKSWorkerAssumeRole"
              }
            ],
            "version": "2012-10-17"
          },
          "sensitive_attributes": []
        }
      ]
    },
    {
      "module": "module.aws-eks-accelerator-for-terraform.module.aws_eks",
      "mode": "data",
      "type": "aws_partition",
      "name": "current",
      "provider": "provider[\"registry.terraform.io/hashicorp/aws\"]",
      "instances": [
        {
          "schema_version": 0,
          "attributes": {
            "dns_suffix": "amazonaws.com",
            "id": "aws",
            "partition": "aws",
            "reverse_dns_prefix": "com.amazonaws"
          },
          "sensitive_attributes": []
        }
      ]
    },
    {
      "module": "module.aws-eks-accelerator-for-terraform.module.aws_eks",
      "mode": "managed",
      "type": "aws_cloudwatch_log_group",
      "name": "this",
      "provider": "provider[\"registry.terraform.io/hashicorp/aws\"]",
      "instances": [
        {
          "index_key": 0,
          "schema_version": 0,
          "attributes": {
            "arn": "arn:aws:logs:ap-southeast-1:214067368354:log-group:/aws/eks/aws001-preprod-dev-eks/cluster",
            "id": "/aws/eks/aws001-preprod-dev-eks/cluster",
            "kms_key_id": "",
            "name": "/aws/eks/aws001-preprod-dev-eks/cluster",
            "name_prefix": null,
            "retention_in_days": 90,
            "tags": {
              "created-by": "Terraform v1.0.1",
              "environment": "preprod",
              "name": "aws001-preprod-dev-eks",
              "resource": "eks",
              "tenant": "aws001",
              "zone": "dev"
            },
            "tags_all": {
              "created-by": "Terraform v1.0.1",
              "environment": "preprod",
              "name": "aws001-preprod-dev-eks",
              "resource": "eks",
              "tenant": "aws001",
              "zone": "dev"
            }
          },
          "sensitive_attributes": [],
          "private": "bnVsbA==",
          "create_before_destroy": true
        }
      ]
    },
    {
      "module": "module.aws-eks-accelerator-for-terraform.module.aws_eks",
      "mode": "managed",
      "type": "aws_eks_cluster",
      "name": "this",
      "provider": "provider[\"registry.terraform.io/hashicorp/aws\"]",
      "instances": [
        {
          "index_key": 0,
          "schema_version": 0,
          "attributes": {
            "arn": "arn:aws:eks:ap-southeast-1:214067368354:cluster/aws001-preprod-dev-eks",
            "certificate_authority": [
              {
                "data": "LS0tLS1CRUdJTiBDRVJUSUZJQ0FURS0tLS0tCk1JSUM1ekNDQWMrZ0F3SUJBZ0lCQURBTkJna3Foa2lHOXcwQkFRc0ZBREFWTVJNd0VRWURWUVFERXdwcmRXSmwKY201bGRHVnpNQjRYRFRJeU1ETXhOVEUyTlRneE0xb1hEVE15TURNeE1qRTJOVGd4TTFvd0ZURVRNQkVHQTFVRQpBeE1LYTNWaVpYSnVaWFJsY3pDQ0FTSXdEUVlKS29aSWh2Y05BUUVCQlFBRGdnRVBBRENDQVFvQ2dnRUJBTmgvCm82UWQyN1ljNHBRRWhOWGw2aFBrbnY5cUFweXlWUzFDWTdOZ05Da3FzZjlTS0JTUU1EWGJHNHBNbGRLUkN1cVEKTzUzT2t3Rzl4R0xOTCtOblZDV24vTytpZUsvcUJ5Z3dqd3owOFRyZW5ESk1SRnhjaHNKUGpOa01NbXNvRmhmVApjaVQrbmYrY3B2OHRTZEtHSFZMRVA1LzhFSFZBRStydjFKVDNCK3RmYW8zcGswQW05dmxGSmN3UHZtT216alRZCkR6K1dyK3lzSlVtdFdVV0d0SjBhRzNNWEc4dk1DcmxRU3IyRkh2aWd6RkM3ZXBkbHNFUUZnbXk4K3YvVEw2b08KczMyQ3RidWxUUmwxaUNsemtGN3Fvd3pWcjJQeDJqWDA4OXVKR2RPc0RTSU1jRzFVMERaYm1KVTVqZzQ0dnQvRQpoT2twT1BCNGZ4UFFYbWxWRVUwQ0F3RUFBYU5DTUVBd0RnWURWUjBQQVFIL0JBUURBZ0trTUE4R0ExVWRFd0VCCi93UUZNQU1CQWY4d0hRWURWUjBPQkJZRUZOVnB1aEhzZEkrelJ4WXNXb1RWakJtSnVpdFFNQTBHQ1NxR1NJYjMKRFFFQkN3VUFBNElCQVFDMDlvbkFjbFltRCtwejZCdGJreUZOdmpqOHV1WGFUd0tsLzBkSXBFczVnQVl6Rjl6UQo0MXhyT3N3bW10emxLRmpodHZRaXNRSWRIWEJwU3ZHVk5NSzNpTUlwVGxiQm5GYlpheTZ6UUNGMkx6eXloYUQ5Cnc3bVhRTXM1djhBTHdXc0tES2xlbWM0dmh2eGlXU2dBcGVmVWdXWGtpb2V2TEJuNE1Uem4ybDFZYkxBbWJycnoKdGZudkJQRE5yRmdVZVFyd0hKK0g2VUJSOHNkbnBpV1gwaVJ5cUw5ako5S3lUTklJOC9IN3ZjMUkwOHZnMW0zSAoyVVZ0SmVZVkNpRTBzbEtyTm9JU2JmSTlqVFRKcGtmK3VUdkd6b1o2bVVIRmsvWFFOZ0o4YVVhWHJYcis0WjBTCkY0eHBaZW16RnpBRXFSMEd4VjYyQTl5ZWRMYU53RHVRdzNPZAotLS0tLUVORCBDRVJUSUZJQ0FURS0tLS0tCg=="
              }
            ],
            "created_at": "2022-03-15 16:51:43.391 +0000 UTC",
            "enabled_cluster_log_types": [
              "api",
              "audit",
              "authenticator",
              "controllerManager",
              "scheduler"
            ],
            "encryption_config": [
              {
                "provider": [
                  {
                    "key_arn": "arn:aws:kms:ap-southeast-1:214067368354:key/bb232cdb-5f4f-4cf6-be15-4a6389afb5fe"
                  }
                ],
                "resources": [
                  "secrets"
                ]
              }
            ],
            "endpoint": "https://501C1F9F4822C89897210D33F536FE3F.gr7.ap-southeast-1.eks.amazonaws.com",
            "id": "aws001-preprod-dev-eks",
            "identity": [
              {
                "oidc": [
                  {
                    "issuer": "https://oidc.eks.ap-southeast-1.amazonaws.com/id/501C1F9F4822C89897210D33F536FE3F"
                  }
                ]
              }
            ],
            "kubernetes_network_config": [
              {
                "ip_family": "ipv4",
                "service_ipv4_cidr": "172.20.0.0/16"
              }
            ],
            "name": "aws001-preprod-dev-eks",
            "platform_version": "eks.5",
            "role_arn": "arn:aws:iam::214067368354:role/aws001-preprod-dev-eks-cluster-role",
            "status": "ACTIVE",
            "tags": {
              "created-by": "Terraform v1.0.1",
              "environment": "preprod",
              "name": "aws001-preprod-dev-eks",
              "resource": "eks",
              "tenant": "aws001",
              "zone": "dev"
            },
            "tags_all": {
              "created-by": "Terraform v1.0.1",
              "environment": "preprod",
              "name": "aws001-preprod-dev-eks",
              "resource": "eks",
              "tenant": "aws001",
              "zone": "dev"
            },
            "timeouts": {
              "create": "30m",
              "delete": "15m",
              "update": "60m"
            },
            "version": "1.21",
            "vpc_config": [
              {
                "cluster_security_group_id": "sg-05f915f119b1c4329",
                "endpoint_private_access": false,
                "endpoint_public_access": true,
                "public_access_cidrs": [
                  "0.0.0.0/0"
                ],
                "security_group_ids": [
                  "sg-064910ba7e7ba5dc4"
                ],
                "subnet_ids": [
                  "subnet-02c53631fed085133",
                  "subnet-07f7869dc4bf22f04",
                  "subnet-0d9e3048b9235cdf1"
                ],
                "vpc_id": "vpc-0956d1b5833623678"
              }
            ]
          },
          "sensitive_attributes": [],
          "private": "eyJlMmJmYjczMC1lY2FhLTExZTYtOGY4OC0zNDM2M2JjN2M0YzAiOnsiY3JlYXRlIjoxODAwMDAwMDAwMDAwLCJkZWxldGUiOjkwMDAwMDAwMDAwMCwidXBkYXRlIjozNjAwMDAwMDAwMDAwfX0=",
          "dependencies": [
            "data.aws_availability_zones.available",
            "module.aws-eks-accelerator-for-terraform.data.aws_iam_policy_document.eks_key",
            "module.aws-eks-accelerator-for-terraform.module.aws_eks.aws_cloudwatch_log_group.this",
            "module.aws-eks-accelerator-for-terraform.module.aws_eks.aws_iam_role.cluster",
            "module.aws-eks-accelerator-for-terraform.module.aws_eks.aws_iam_role_policy_attachment.cluster_AmazonEKSClusterPolicy",
            "module.aws-eks-accelerator-for-terraform.module.aws_eks.aws_iam_role_policy_attachment.cluster_AmazonEKSServicePolicy",
            "module.aws-eks-accelerator-for-terraform.module.aws_eks.aws_iam_role_policy_attachment.cluster_AmazonEKSVPCResourceControllerPolicy",
            "module.aws-eks-accelerator-for-terraform.module.aws_eks.aws_security_group.cluster",
            "module.aws-eks-accelerator-for-terraform.module.aws_eks.aws_security_group.workers",
            "module.aws-eks-accelerator-for-terraform.module.aws_eks.aws_security_group_rule.cluster_egress_internet",
            "module.aws-eks-accelerator-for-terraform.module.aws_eks.aws_security_group_rule.cluster_https_worker_ingress",
            "module.aws-eks-accelerator-for-terraform.module.aws_eks.data.aws_iam_policy_document.cluster_assume_role_policy",
            "module.aws-eks-accelerator-for-terraform.module.aws_eks.data.aws_iam_role.custom_cluster_iam_role",
            "module.aws-eks-accelerator-for-terraform.module.aws_eks.data.aws_partition.current",
            "module.aws-eks-accelerator-for-terraform.module.kms.aws_kms_key.this",
            "module.aws_vpc.aws_subnet.private",
            "module.aws_vpc.aws_vpc.this",
            "module.aws_vpc.aws_vpc_ipv4_cidr_block_association.this"
          ],
          "create_before_destroy": true
        }
      ]
    },
    {
      "module": "module.aws-eks-accelerator-for-terraform.module.aws_eks",
      "mode": "managed",
      "type": "aws_iam_openid_connect_provider",
      "name": "oidc_provider",
      "provider": "provider[\"registry.terraform.io/hashicorp/aws\"]",
      "instances": [
        {
          "index_key": 0,
          "schema_version": 0,
          "attributes": {
            "arn": "arn:aws:iam::214067368354:oidc-provider/oidc.eks.ap-southeast-1.amazonaws.com/id/501C1F9F4822C89897210D33F536FE3F",
            "client_id_list": [
              "sts.amazonaws.com"
            ],
            "id": "arn:aws:iam::214067368354:oidc-provider/oidc.eks.ap-southeast-1.amazonaws.com/id/501C1F9F4822C89897210D33F536FE3F",
            "tags": {
              "Name": "aws001-preprod-dev-eks-eks-irsa",
              "created-by": "Terraform v1.0.1",
              "environment": "preprod",
              "name": "aws001-preprod-dev-eks",
              "resource": "eks",
              "tenant": "aws001",
              "zone": "dev"
            },
            "tags_all": {
              "Name": "aws001-preprod-dev-eks-eks-irsa",
              "created-by": "Terraform v1.0.1",
              "environment": "preprod",
              "name": "aws001-preprod-dev-eks",
              "resource": "eks",
              "tenant": "aws001",
              "zone": "dev"
            },
            "thumbprint_list": [
              "9e99a48a9960b14926bb7f3b02e22da2b0ab7280"
            ],
            "url": "oidc.eks.ap-southeast-1.amazonaws.com/id/501C1F9F4822C89897210D33F536FE3F"
          },
          "sensitive_attributes": [],
          "private": "bnVsbA==",
          "dependencies": [
            "data.aws_availability_zones.available",
            "module.aws-eks-accelerator-for-terraform.data.aws_iam_policy_document.eks_key",
            "module.aws-eks-accelerator-for-terraform.module.aws_eks.aws_cloudwatch_log_group.this",
            "module.aws-eks-accelerator-for-terraform.module.aws_eks.aws_eks_cluster.this",
            "module.aws-eks-accelerator-for-terraform.module.aws_eks.aws_iam_role.cluster",
            "module.aws-eks-accelerator-for-terraform.module.aws_eks.aws_iam_role_policy_attachment.cluster_AmazonEKSClusterPolicy",
            "module.aws-eks-accelerator-for-terraform.module.aws_eks.aws_iam_role_policy_attachment.cluster_AmazonEKSServicePolicy",
            "module.aws-eks-accelerator-for-terraform.module.aws_eks.aws_iam_role_policy_attachment.cluster_AmazonEKSVPCResourceControllerPolicy",
            "module.aws-eks-accelerator-for-terraform.module.aws_eks.aws_security_group.cluster",
            "module.aws-eks-accelerator-for-terraform.module.aws_eks.aws_security_group.workers",
            "module.aws-eks-accelerator-for-terraform.module.aws_eks.aws_security_group_rule.cluster_egress_internet",
            "module.aws-eks-accelerator-for-terraform.module.aws_eks.aws_security_group_rule.cluster_https_worker_ingress",
            "module.aws-eks-accelerator-for-terraform.module.aws_eks.data.aws_iam_policy_document.cluster_assume_role_policy",
            "module.aws-eks-accelerator-for-terraform.module.aws_eks.data.aws_iam_role.custom_cluster_iam_role",
            "module.aws-eks-accelerator-for-terraform.module.aws_eks.data.aws_partition.current",
            "module.aws-eks-accelerator-for-terraform.module.kms.aws_kms_key.this",
            "module.aws_vpc.aws_subnet.private",
            "module.aws_vpc.aws_vpc.this",
            "module.aws_vpc.aws_vpc_ipv4_cidr_block_association.this"
          ]
        }
      ]
    },
    {
      "module": "module.aws-eks-accelerator-for-terraform.module.aws_eks",
      "mode": "managed",
      "type": "aws_iam_policy",
      "name": "cluster_elb_sl_role_creation",
      "provider": "provider[\"registry.terraform.io/hashicorp/aws\"]",
      "instances": [
        {
          "index_key": 0,
          "schema_version": 0,
          "attributes": {
            "arn": "arn:aws:iam::214067368354:policy/aws001-preprod-dev-eks-elb-sl-role-creation20220315165113449400000001",
            "description": "Permissions for EKS to create AWSServiceRoleForElasticLoadBalancing service-linked role",
            "id": "arn:aws:iam::214067368354:policy/aws001-preprod-dev-eks-elb-sl-role-creation20220315165113449400000001",
            "name": "aws001-preprod-dev-eks-elb-sl-role-creation20220315165113449400000001",
            "name_prefix": "aws001-preprod-dev-eks-elb-sl-role-creation",
            "path": "/",
            "policy": "{\"Statement\":[{\"Action\":[\"ec2:DescribeInternetGateways\",\"ec2:DescribeAddresses\",\"ec2:DescribeAccountAttributes\"],\"Effect\":\"Allow\",\"Resource\":\"*\",\"Sid\":\"\"}],\"Version\":\"2012-10-17\"}",
            "policy_id": "ANPATDV3I2GRGDXRLVSAH",
            "tags": {
              "created-by": "Terraform v1.0.1",
              "environment": "preprod",
              "name": "aws001-preprod-dev-eks",
              "resource": "eks",
              "tenant": "aws001",
              "zone": "dev"
            },
            "tags_all": {
              "created-by": "Terraform v1.0.1",
              "environment": "preprod",
              "name": "aws001-preprod-dev-eks",
              "resource": "eks",
              "tenant": "aws001",
              "zone": "dev"
            }
          },
          "sensitive_attributes": [],
          "private": "bnVsbA==",
          "dependencies": [
            "module.aws-eks-accelerator-for-terraform.module.aws_eks.data.aws_iam_policy_document.cluster_elb_sl_role_creation"
          ]
        }
      ]
    },
    {
      "module": "module.aws-eks-accelerator-for-terraform.module.aws_eks",
      "mode": "managed",
      "type": "aws_iam_role",
      "name": "cluster",
      "provider": "provider[\"registry.terraform.io/hashicorp/aws\"]",
      "instances": [
        {
          "index_key": 0,
          "schema_version": 0,
          "attributes": {
            "arn": "arn:aws:iam::214067368354:role/aws001-preprod-dev-eks-cluster-role",
            "assume_role_policy": "{\"Version\":\"2012-10-17\",\"Statement\":[{\"Sid\":\"EKSClusterAssumeRole\",\"Effect\":\"Allow\",\"Principal\":{\"Service\":\"eks.amazonaws.com\"},\"Action\":\"sts:AssumeRole\"}]}",
            "create_date": "2022-03-15T16:51:14Z",
            "description": "",
            "force_detach_policies": true,
            "id": "aws001-preprod-dev-eks-cluster-role",
            "inline_policy": [
              {
                "name": "",
                "policy": ""
              }
            ],
            "managed_policy_arns": [],
            "max_session_duration": 3600,
            "name": "aws001-preprod-dev-eks-cluster-role",
            "name_prefix": "",
            "path": "/",
            "permissions_boundary": null,
            "tags": {
              "created-by": "Terraform v1.0.1",
              "environment": "preprod",
              "name": "aws001-preprod-dev-eks",
              "resource": "eks",
              "tenant": "aws001",
              "zone": "dev"
            },
            "tags_all": {
              "created-by": "Terraform v1.0.1",
              "environment": "preprod",
              "name": "aws001-preprod-dev-eks",
              "resource": "eks",
              "tenant": "aws001",
              "zone": "dev"
            },
            "unique_id": "AROATDV3I2GRHG27TOXN5"
          },
          "sensitive_attributes": [],
          "private": "bnVsbA==",
          "dependencies": [
            "module.aws-eks-accelerator-for-terraform.module.aws_eks.data.aws_iam_policy_document.cluster_assume_role_policy"
          ],
          "create_before_destroy": true
        }
      ]
    },
    {
      "module": "module.aws-eks-accelerator-for-terraform.module.aws_eks",
      "mode": "managed",
      "type": "aws_iam_role",
      "name": "workers",
      "provider": "provider[\"registry.terraform.io/hashicorp/aws\"]",
      "instances": [
        {
          "index_key": 0,
          "schema_version": 0,
          "attributes": {
            "arn": "arn:aws:iam::214067368354:role/aws001-preprod-dev-eks20220315170234501700000008",
            "assume_role_policy": "{\"Version\":\"2012-10-17\",\"Statement\":[{\"Sid\":\"EKSWorkerAssumeRole\",\"Effect\":\"Allow\",\"Principal\":{\"Service\":\"ec2.amazonaws.com\"},\"Action\":\"sts:AssumeRole\"}]}",
            "create_date": "2022-03-15T17:02:35Z",
            "description": "",
            "force_detach_policies": true,
            "id": "aws001-preprod-dev-eks20220315170234501700000008",
            "inline_policy": [
              {
                "name": "",
                "policy": ""
              }
            ],
            "managed_policy_arns": [],
            "max_session_duration": 3600,
            "name": "aws001-preprod-dev-eks20220315170234501700000008",
            "name_prefix": "aws001-preprod-dev-eks",
            "path": "/",
            "permissions_boundary": null,
            "tags": {
              "created-by": "Terraform v1.0.1",
              "environment": "preprod",
              "name": "aws001-preprod-dev-eks",
              "resource": "eks",
              "tenant": "aws001",
              "zone": "dev"
            },
            "tags_all": {
              "created-by": "Terraform v1.0.1",
              "environment": "preprod",
              "name": "aws001-preprod-dev-eks",
              "resource": "eks",
              "tenant": "aws001",
              "zone": "dev"
            },
            "unique_id": "AROATDV3I2GROF6TPZ2X7"
          },
          "sensitive_attributes": [],
          "private": "bnVsbA==",
          "dependencies": [
            "data.aws_availability_zones.available",
            "module.aws-eks-accelerator-for-terraform.data.aws_iam_policy_document.eks_key",
            "module.aws-eks-accelerator-for-terraform.module.aws_eks.aws_cloudwatch_log_group.this",
            "module.aws-eks-accelerator-for-terraform.module.aws_eks.aws_eks_cluster.this",
            "module.aws-eks-accelerator-for-terraform.module.aws_eks.aws_iam_role.cluster",
            "module.aws-eks-accelerator-for-terraform.module.aws_eks.aws_iam_role_policy_attachment.cluster_AmazonEKSClusterPolicy",
            "module.aws-eks-accelerator-for-terraform.module.aws_eks.aws_iam_role_policy_attachment.cluster_AmazonEKSServicePolicy",
            "module.aws-eks-accelerator-for-terraform.module.aws_eks.aws_iam_role_policy_attachment.cluster_AmazonEKSVPCResourceControllerPolicy",
            "module.aws-eks-accelerator-for-terraform.module.aws_eks.aws_security_group.cluster",
            "module.aws-eks-accelerator-for-terraform.module.aws_eks.aws_security_group.workers",
            "module.aws-eks-accelerator-for-terraform.module.aws_eks.aws_security_group_rule.cluster_egress_internet",
            "module.aws-eks-accelerator-for-terraform.module.aws_eks.aws_security_group_rule.cluster_https_worker_ingress",
            "module.aws-eks-accelerator-for-terraform.module.aws_eks.data.aws_iam_policy_document.cluster_assume_role_policy",
            "module.aws-eks-accelerator-for-terraform.module.aws_eks.data.aws_iam_policy_document.workers_assume_role_policy",
            "module.aws-eks-accelerator-for-terraform.module.aws_eks.data.aws_iam_role.custom_cluster_iam_role",
            "module.aws-eks-accelerator-for-terraform.module.aws_eks.data.aws_partition.current",
            "module.aws-eks-accelerator-for-terraform.module.kms.aws_kms_key.this",
            "module.aws_vpc.aws_subnet.private",
            "module.aws_vpc.aws_vpc.this",
            "module.aws_vpc.aws_vpc_ipv4_cidr_block_association.this"
          ]
        }
      ]
    },
    {
      "module": "module.aws-eks-accelerator-for-terraform.module.aws_eks",
      "mode": "managed",
      "type": "aws_iam_role_policy_attachment",
      "name": "cluster_AmazonEKSClusterPolicy",
      "provider": "provider[\"registry.terraform.io/hashicorp/aws\"]",
      "instances": [
        {
          "index_key": 0,
          "schema_version": 0,
          "attributes": {
            "id": "aws001-preprod-dev-eks-cluster-role-20220315165115726300000002",
            "policy_arn": "arn:aws:iam::aws:policy/AmazonEKSClusterPolicy",
            "role": "aws001-preprod-dev-eks-cluster-role"
          },
          "sensitive_attributes": [],
          "private": "bnVsbA==",
          "dependencies": [
            "module.aws-eks-accelerator-for-terraform.module.aws_eks.aws_iam_role.cluster",
            "module.aws-eks-accelerator-for-terraform.module.aws_eks.data.aws_iam_policy_document.cluster_assume_role_policy",
            "module.aws-eks-accelerator-for-terraform.module.aws_eks.data.aws_partition.current"
          ],
          "create_before_destroy": true
        }
      ]
    },
    {
      "module": "module.aws-eks-accelerator-for-terraform.module.aws_eks",
      "mode": "managed",
      "type": "aws_iam_role_policy_attachment",
      "name": "cluster_AmazonEKSServicePolicy",
      "provider": "provider[\"registry.terraform.io/hashicorp/aws\"]",
      "instances": [
        {
          "index_key": 0,
          "schema_version": 0,
          "attributes": {
            "id": "aws001-preprod-dev-eks-cluster-role-20220315165115975300000004",
            "policy_arn": "arn:aws:iam::aws:policy/AmazonEKSServicePolicy",
            "role": "aws001-preprod-dev-eks-cluster-role"
          },
          "sensitive_attributes": [],
          "private": "bnVsbA==",
          "dependencies": [
            "module.aws-eks-accelerator-for-terraform.module.aws_eks.aws_iam_role.cluster",
            "module.aws-eks-accelerator-for-terraform.module.aws_eks.data.aws_iam_policy_document.cluster_assume_role_policy",
            "module.aws-eks-accelerator-for-terraform.module.aws_eks.data.aws_partition.current"
          ],
          "create_before_destroy": true
        }
      ]
    },
    {
      "module": "module.aws-eks-accelerator-for-terraform.module.aws_eks",
      "mode": "managed",
      "type": "aws_iam_role_policy_attachment",
      "name": "cluster_AmazonEKSVPCResourceControllerPolicy",
      "provider": "provider[\"registry.terraform.io/hashicorp/aws\"]",
      "instances": [
        {
          "index_key": 0,
          "schema_version": 0,
          "attributes": {
            "id": "aws001-preprod-dev-eks-cluster-role-20220315165115727700000003",
            "policy_arn": "arn:aws:iam::aws:policy/AmazonEKSVPCResourceController",
            "role": "aws001-preprod-dev-eks-cluster-role"
          },
          "sensitive_attributes": [],
          "private": "bnVsbA==",
          "dependencies": [
            "module.aws-eks-accelerator-for-terraform.module.aws_eks.aws_iam_role.cluster",
            "module.aws-eks-accelerator-for-terraform.module.aws_eks.data.aws_iam_policy_document.cluster_assume_role_policy",
            "module.aws-eks-accelerator-for-terraform.module.aws_eks.data.aws_partition.current"
          ],
          "create_before_destroy": true
        }
      ]
    },
    {
      "module": "module.aws-eks-accelerator-for-terraform.module.aws_eks",
      "mode": "managed",
      "type": "aws_iam_role_policy_attachment",
      "name": "cluster_elb_sl_role_creation",
      "provider": "provider[\"registry.terraform.io/hashicorp/aws\"]",
      "instances": [
        {
          "index_key": 0,
          "schema_version": 0,
          "attributes": {
            "id": "aws001-preprod-dev-eks-cluster-role-20220315165115980700000005",
            "policy_arn": "arn:aws:iam::214067368354:policy/aws001-preprod-dev-eks-elb-sl-role-creation20220315165113449400000001",
            "role": "aws001-preprod-dev-eks-cluster-role"
          },
          "sensitive_attributes": [],
          "private": "bnVsbA==",
          "dependencies": [
            "module.aws-eks-accelerator-for-terraform.module.aws_eks.aws_iam_policy.cluster_elb_sl_role_creation",
            "module.aws-eks-accelerator-for-terraform.module.aws_eks.aws_iam_role.cluster",
            "module.aws-eks-accelerator-for-terraform.module.aws_eks.data.aws_iam_policy_document.cluster_assume_role_policy",
            "module.aws-eks-accelerator-for-terraform.module.aws_eks.data.aws_iam_policy_document.cluster_elb_sl_role_creation"
          ]
        }
      ]
    },
    {
      "module": "module.aws-eks-accelerator-for-terraform.module.aws_eks",
      "mode": "managed",
      "type": "aws_iam_role_policy_attachment",
      "name": "workers_AmazonEC2ContainerRegistryReadOnly",
      "provider": "provider[\"registry.terraform.io/hashicorp/aws\"]",
      "instances": [
        {
          "index_key": 0,
          "schema_version": 0,
          "attributes": {
            "id": "aws001-preprod-dev-eks20220315170234501700000008-2022031517023718640000000b",
            "policy_arn": "arn:aws:iam::aws:policy/AmazonEC2ContainerRegistryReadOnly",
            "role": "aws001-preprod-dev-eks20220315170234501700000008"
          },
          "sensitive_attributes": [],
          "private": "bnVsbA==",
          "dependencies": [
            "data.aws_availability_zones.available",
            "module.aws-eks-accelerator-for-terraform.data.aws_iam_policy_document.eks_key",
            "module.aws-eks-accelerator-for-terraform.module.aws_eks.aws_cloudwatch_log_group.this",
            "module.aws-eks-accelerator-for-terraform.module.aws_eks.aws_eks_cluster.this",
            "module.aws-eks-accelerator-for-terraform.module.aws_eks.aws_iam_role.cluster",
            "module.aws-eks-accelerator-for-terraform.module.aws_eks.aws_iam_role.workers",
            "module.aws-eks-accelerator-for-terraform.module.aws_eks.aws_iam_role_policy_attachment.cluster_AmazonEKSClusterPolicy",
            "module.aws-eks-accelerator-for-terraform.module.aws_eks.aws_iam_role_policy_attachment.cluster_AmazonEKSServicePolicy",
            "module.aws-eks-accelerator-for-terraform.module.aws_eks.aws_iam_role_policy_attachment.cluster_AmazonEKSVPCResourceControllerPolicy",
            "module.aws-eks-accelerator-for-terraform.module.aws_eks.aws_security_group.cluster",
            "module.aws-eks-accelerator-for-terraform.module.aws_eks.aws_security_group.workers",
            "module.aws-eks-accelerator-for-terraform.module.aws_eks.aws_security_group_rule.cluster_egress_internet",
            "module.aws-eks-accelerator-for-terraform.module.aws_eks.aws_security_group_rule.cluster_https_worker_ingress",
            "module.aws-eks-accelerator-for-terraform.module.aws_eks.data.aws_iam_policy_document.cluster_assume_role_policy",
            "module.aws-eks-accelerator-for-terraform.module.aws_eks.data.aws_iam_policy_document.workers_assume_role_policy",
            "module.aws-eks-accelerator-for-terraform.module.aws_eks.data.aws_iam_role.custom_cluster_iam_role",
            "module.aws-eks-accelerator-for-terraform.module.aws_eks.data.aws_partition.current",
            "module.aws-eks-accelerator-for-terraform.module.kms.aws_kms_key.this",
            "module.aws_vpc.aws_subnet.private",
            "module.aws_vpc.aws_vpc.this",
            "module.aws_vpc.aws_vpc_ipv4_cidr_block_association.this"
          ]
        }
      ]
    },
    {
      "module": "module.aws-eks-accelerator-for-terraform.module.aws_eks",
      "mode": "managed",
      "type": "aws_iam_role_policy_attachment",
      "name": "workers_AmazonEKSWorkerNodePolicy",
      "provider": "provider[\"registry.terraform.io/hashicorp/aws\"]",
      "instances": [
        {
          "index_key": 0,
          "schema_version": 0,
          "attributes": {
            "id": "aws001-preprod-dev-eks20220315170234501700000008-2022031517023721070000000c",
            "policy_arn": "arn:aws:iam::aws:policy/AmazonEKSWorkerNodePolicy",
            "role": "aws001-preprod-dev-eks20220315170234501700000008"
          },
          "sensitive_attributes": [],
          "private": "bnVsbA==",
          "dependencies": [
            "data.aws_availability_zones.available",
            "module.aws-eks-accelerator-for-terraform.data.aws_iam_policy_document.eks_key",
            "module.aws-eks-accelerator-for-terraform.module.aws_eks.aws_cloudwatch_log_group.this",
            "module.aws-eks-accelerator-for-terraform.module.aws_eks.aws_eks_cluster.this",
            "module.aws-eks-accelerator-for-terraform.module.aws_eks.aws_iam_role.cluster",
            "module.aws-eks-accelerator-for-terraform.module.aws_eks.aws_iam_role.workers",
            "module.aws-eks-accelerator-for-terraform.module.aws_eks.aws_iam_role_policy_attachment.cluster_AmazonEKSClusterPolicy",
            "module.aws-eks-accelerator-for-terraform.module.aws_eks.aws_iam_role_policy_attachment.cluster_AmazonEKSServicePolicy",
            "module.aws-eks-accelerator-for-terraform.module.aws_eks.aws_iam_role_policy_attachment.cluster_AmazonEKSVPCResourceControllerPolicy",
            "module.aws-eks-accelerator-for-terraform.module.aws_eks.aws_security_group.cluster",
            "module.aws-eks-accelerator-for-terraform.module.aws_eks.aws_security_group.workers",
            "module.aws-eks-accelerator-for-terraform.module.aws_eks.aws_security_group_rule.cluster_egress_internet",
            "module.aws-eks-accelerator-for-terraform.module.aws_eks.aws_security_group_rule.cluster_https_worker_ingress",
            "module.aws-eks-accelerator-for-terraform.module.aws_eks.data.aws_iam_policy_document.cluster_assume_role_policy",
            "module.aws-eks-accelerator-for-terraform.module.aws_eks.data.aws_iam_policy_document.workers_assume_role_policy",
            "module.aws-eks-accelerator-for-terraform.module.aws_eks.data.aws_iam_role.custom_cluster_iam_role",
            "module.aws-eks-accelerator-for-terraform.module.aws_eks.data.aws_partition.current",
            "module.aws-eks-accelerator-for-terraform.module.kms.aws_kms_key.this",
            "module.aws_vpc.aws_subnet.private",
            "module.aws_vpc.aws_vpc.this",
            "module.aws_vpc.aws_vpc_ipv4_cidr_block_association.this"
          ]
        }
      ]
    },
    {
      "module": "module.aws-eks-accelerator-for-terraform.module.aws_eks",
      "mode": "managed",
      "type": "aws_iam_role_policy_attachment",
      "name": "workers_AmazonEKS_CNI_Policy",
      "provider": "provider[\"registry.terraform.io/hashicorp/aws\"]",
      "instances": [
        {
          "index_key": 0,
          "schema_version": 0,
          "attributes": {
            "id": "aws001-preprod-dev-eks20220315170234501700000008-2022031517023722210000000e",
            "policy_arn": "arn:aws:iam::aws:policy/AmazonEKS_CNI_Policy",
            "role": "aws001-preprod-dev-eks20220315170234501700000008"
          },
          "sensitive_attributes": [],
          "private": "bnVsbA==",
          "dependencies": [
            "data.aws_availability_zones.available",
            "module.aws-eks-accelerator-for-terraform.data.aws_iam_policy_document.eks_key",
            "module.aws-eks-accelerator-for-terraform.module.aws_eks.aws_cloudwatch_log_group.this",
            "module.aws-eks-accelerator-for-terraform.module.aws_eks.aws_eks_cluster.this",
            "module.aws-eks-accelerator-for-terraform.module.aws_eks.aws_iam_role.cluster",
            "module.aws-eks-accelerator-for-terraform.module.aws_eks.aws_iam_role.workers",
            "module.aws-eks-accelerator-for-terraform.module.aws_eks.aws_iam_role_policy_attachment.cluster_AmazonEKSClusterPolicy",
            "module.aws-eks-accelerator-for-terraform.module.aws_eks.aws_iam_role_policy_attachment.cluster_AmazonEKSServicePolicy",
            "module.aws-eks-accelerator-for-terraform.module.aws_eks.aws_iam_role_policy_attachment.cluster_AmazonEKSVPCResourceControllerPolicy",
            "module.aws-eks-accelerator-for-terraform.module.aws_eks.aws_security_group.cluster",
            "module.aws-eks-accelerator-for-terraform.module.aws_eks.aws_security_group.workers",
            "module.aws-eks-accelerator-for-terraform.module.aws_eks.aws_security_group_rule.cluster_egress_internet",
            "module.aws-eks-accelerator-for-terraform.module.aws_eks.aws_security_group_rule.cluster_https_worker_ingress",
            "module.aws-eks-accelerator-for-terraform.module.aws_eks.data.aws_iam_policy_document.cluster_assume_role_policy",
            "module.aws-eks-accelerator-for-terraform.module.aws_eks.data.aws_iam_policy_document.workers_assume_role_policy",
            "module.aws-eks-accelerator-for-terraform.module.aws_eks.data.aws_iam_role.custom_cluster_iam_role",
            "module.aws-eks-accelerator-for-terraform.module.aws_eks.data.aws_partition.current",
            "module.aws-eks-accelerator-for-terraform.module.kms.aws_kms_key.this",
            "module.aws_vpc.aws_subnet.private",
            "module.aws_vpc.aws_vpc.this",
            "module.aws_vpc.aws_vpc_ipv4_cidr_block_association.this"
          ]
        }
      ]
    },
    {
      "module": "module.aws-eks-accelerator-for-terraform.module.aws_eks",
      "mode": "managed",
      "type": "aws_security_group",
      "name": "cluster",
      "provider": "provider[\"registry.terraform.io/hashicorp/aws\"]",
      "instances": [
        {
          "index_key": 0,
          "schema_version": 1,
          "attributes": {
            "arn": "arn:aws:ec2:ap-southeast-1:214067368354:security-group/sg-064910ba7e7ba5dc4",
            "description": "EKS cluster security group.",
            "egress": [],
            "id": "sg-064910ba7e7ba5dc4",
            "ingress": [],
            "name": "aws001-preprod-dev-eks20220315165124552900000007",
            "name_prefix": "aws001-preprod-dev-eks",
            "owner_id": "214067368354",
            "revoke_rules_on_delete": false,
            "tags": {
              "Name": "aws001-preprod-dev-eks-eks_cluster_sg",
              "created-by": "Terraform v1.0.1",
              "environment": "preprod",
              "name": "aws001-preprod-dev-eks",
              "resource": "eks",
              "tenant": "aws001",
              "zone": "dev"
            },
            "tags_all": {
              "Name": "aws001-preprod-dev-eks-eks_cluster_sg",
              "created-by": "Terraform v1.0.1",
              "environment": "preprod",
              "name": "aws001-preprod-dev-eks",
              "resource": "eks",
              "tenant": "aws001",
              "zone": "dev"
            },
            "timeouts": null,
            "vpc_id": "vpc-0956d1b5833623678"
          },
          "sensitive_attributes": [],
          "private": "eyJlMmJmYjczMC1lY2FhLTExZTYtOGY4OC0zNDM2M2JjN2M0YzAiOnsiY3JlYXRlIjo2MDAwMDAwMDAwMDAsImRlbGV0ZSI6OTAwMDAwMDAwMDAwfSwic2NoZW1hX3ZlcnNpb24iOiIxIn0=",
          "dependencies": [
            "module.aws_vpc.aws_vpc.this"
          ],
          "create_before_destroy": true
        }
      ]
    },
    {
      "module": "module.aws-eks-accelerator-for-terraform.module.aws_eks",
      "mode": "managed",
      "type": "aws_security_group",
      "name": "workers",
      "provider": "provider[\"registry.terraform.io/hashicorp/aws\"]",
      "instances": [
        {
          "index_key": 0,
          "schema_version": 1,
          "attributes": {
            "arn": "arn:aws:ec2:ap-southeast-1:214067368354:security-group/sg-0588b08364354075a",
            "description": "Security group for all nodes in the cluster.",
            "egress": [],
            "id": "sg-0588b08364354075a",
            "ingress": [],
            "name": "aws001-preprod-dev-eks20220315165124516700000006",
            "name_prefix": "aws001-preprod-dev-eks",
            "owner_id": "214067368354",
            "revoke_rules_on_delete": false,
            "tags": {
              "Name": "aws001-preprod-dev-eks-eks_worker_sg",
              "created-by": "Terraform v1.0.1",
              "environment": "preprod",
              "kubernetes.io/cluster/aws001-preprod-dev-eks": "owned",
              "name": "aws001-preprod-dev-eks",
              "resource": "eks",
              "tenant": "aws001",
              "zone": "dev"
            },
            "tags_all": {
              "Name": "aws001-preprod-dev-eks-eks_worker_sg",
              "created-by": "Terraform v1.0.1",
              "environment": "preprod",
              "kubernetes.io/cluster/aws001-preprod-dev-eks": "owned",
              "name": "aws001-preprod-dev-eks",
              "resource": "eks",
              "tenant": "aws001",
              "zone": "dev"
            },
            "timeouts": null,
            "vpc_id": "vpc-0956d1b5833623678"
          },
          "sensitive_attributes": [],
          "private": "eyJlMmJmYjczMC1lY2FhLTExZTYtOGY4OC0zNDM2M2JjN2M0YzAiOnsiY3JlYXRlIjo2MDAwMDAwMDAwMDAsImRlbGV0ZSI6OTAwMDAwMDAwMDAwfSwic2NoZW1hX3ZlcnNpb24iOiIxIn0=",
          "dependencies": [
            "module.aws_vpc.aws_vpc.this"
          ],
          "create_before_destroy": true
        }
      ]
    },
    {
      "module": "module.aws-eks-accelerator-for-terraform.module.aws_eks",
      "mode": "managed",
      "type": "aws_security_group_rule",
      "name": "cluster_egress_internet",
      "provider": "provider[\"registry.terraform.io/hashicorp/aws\"]",
      "instances": [
        {
          "index_key": 0,
          "schema_version": 2,
          "attributes": {
            "cidr_blocks": [
              "0.0.0.0/0"
            ],
            "description": "Allow cluster egress access to the Internet.",
            "from_port": 0,
            "id": "sgrule-3810450128",
            "ipv6_cidr_blocks": null,
            "prefix_list_ids": null,
            "protocol": "-1",
            "security_group_id": "sg-064910ba7e7ba5dc4",
            "self": false,
            "source_security_group_id": null,
            "to_port": 0,
            "type": "egress"
          },
          "sensitive_attributes": [],
          "private": "eyJzY2hlbWFfdmVyc2lvbiI6IjIifQ==",
          "dependencies": [
            "module.aws-eks-accelerator-for-terraform.module.aws_eks.aws_security_group.cluster",
            "module.aws_vpc.aws_vpc.this"
          ],
          "create_before_destroy": true
        }
      ]
    },
    {
      "module": "module.aws-eks-accelerator-for-terraform.module.aws_eks",
      "mode": "managed",
      "type": "aws_security_group_rule",
      "name": "cluster_https_worker_ingress",
      "provider": "provider[\"registry.terraform.io/hashicorp/aws\"]",
      "instances": [
        {
          "index_key": 0,
          "schema_version": 2,
          "attributes": {
            "cidr_blocks": null,
            "description": "Allow pods to communicate with the EKS cluster API.",
            "from_port": 443,
            "id": "sgrule-1535761427",
            "ipv6_cidr_blocks": null,
            "prefix_list_ids": null,
            "protocol": "tcp",
            "security_group_id": "sg-064910ba7e7ba5dc4",
            "self": false,
            "source_security_group_id": "sg-0588b08364354075a",
            "to_port": 443,
            "type": "ingress"
          },
          "sensitive_attributes": [],
          "private": "eyJzY2hlbWFfdmVyc2lvbiI6IjIifQ==",
          "dependencies": [
            "module.aws-eks-accelerator-for-terraform.module.aws_eks.aws_security_group.cluster",
            "module.aws-eks-accelerator-for-terraform.module.aws_eks.aws_security_group.workers",
            "module.aws_vpc.aws_vpc.this"
          ],
          "create_before_destroy": true
        }
      ]
    },
    {
      "module": "module.aws-eks-accelerator-for-terraform.module.aws_eks",
      "mode": "managed",
      "type": "aws_security_group_rule",
      "name": "workers_egress_internet",
      "provider": "provider[\"registry.terraform.io/hashicorp/aws\"]",
      "instances": [
        {
          "index_key": 0,
          "schema_version": 2,
          "attributes": {
            "cidr_blocks": [
              "0.0.0.0/0"
            ],
            "description": "Allow nodes all egress to the Internet.",
            "from_port": 0,
            "id": "sgrule-363507075",
            "ipv6_cidr_blocks": null,
            "prefix_list_ids": null,
            "protocol": "-1",
            "security_group_id": "sg-0588b08364354075a",
            "self": false,
            "source_security_group_id": null,
            "to_port": 0,
            "type": "egress"
          },
          "sensitive_attributes": [],
          "private": "eyJzY2hlbWFfdmVyc2lvbiI6IjIifQ==",
          "dependencies": [
            "module.aws-eks-accelerator-for-terraform.module.aws_eks.aws_security_group.workers",
            "module.aws_vpc.aws_vpc.this"
          ]
        }
      ]
    },
    {
      "module": "module.aws-eks-accelerator-for-terraform.module.aws_eks",
      "mode": "managed",
      "type": "aws_security_group_rule",
      "name": "workers_ingress_cluster",
      "provider": "provider[\"registry.terraform.io/hashicorp/aws\"]",
      "instances": [
        {
          "index_key": 0,
          "schema_version": 2,
          "attributes": {
            "cidr_blocks": null,
            "description": "Allow workers pods to receive communication from the cluster control plane.",
            "from_port": 1025,
            "id": "sgrule-1541765024",
            "ipv6_cidr_blocks": null,
            "prefix_list_ids": null,
            "protocol": "tcp",
            "security_group_id": "sg-0588b08364354075a",
            "self": false,
            "source_security_group_id": "sg-064910ba7e7ba5dc4",
            "to_port": 65535,
            "type": "ingress"
          },
          "sensitive_attributes": [],
          "private": "eyJzY2hlbWFfdmVyc2lvbiI6IjIifQ==",
          "dependencies": [
            "module.aws-eks-accelerator-for-terraform.module.aws_eks.aws_security_group.cluster",
            "module.aws-eks-accelerator-for-terraform.module.aws_eks.aws_security_group.workers",
            "module.aws_vpc.aws_vpc.this"
          ]
        }
      ]
    },
    {
      "module": "module.aws-eks-accelerator-for-terraform.module.aws_eks",
      "mode": "managed",
      "type": "aws_security_group_rule",
      "name": "workers_ingress_cluster_https",
      "provider": "provider[\"registry.terraform.io/hashicorp/aws\"]",
      "instances": [
        {
          "index_key": 0,
          "schema_version": 2,
          "attributes": {
            "cidr_blocks": null,
            "description": "Allow pods running extension API servers on port 443 to receive communication from cluster control plane.",
            "from_port": 443,
            "id": "sgrule-34946739",
            "ipv6_cidr_blocks": null,
            "prefix_list_ids": null,
            "protocol": "tcp",
            "security_group_id": "sg-0588b08364354075a",
            "self": false,
            "source_security_group_id": "sg-064910ba7e7ba5dc4",
            "to_port": 443,
            "type": "ingress"
          },
          "sensitive_attributes": [],
          "private": "eyJzY2hlbWFfdmVyc2lvbiI6IjIifQ==",
          "dependencies": [
            "module.aws-eks-accelerator-for-terraform.module.aws_eks.aws_security_group.cluster",
            "module.aws-eks-accelerator-for-terraform.module.aws_eks.aws_security_group.workers",
            "module.aws_vpc.aws_vpc.this"
          ]
        }
      ]
    },
    {
      "module": "module.aws-eks-accelerator-for-terraform.module.aws_eks",
      "mode": "managed",
      "type": "aws_security_group_rule",
      "name": "workers_ingress_self",
      "provider": "provider[\"registry.terraform.io/hashicorp/aws\"]",
      "instances": [
        {
          "index_key": 0,
          "schema_version": 2,
          "attributes": {
            "cidr_blocks": null,
            "description": "Allow node to communicate with each other.",
            "from_port": 0,
            "id": "sgrule-1384729629",
            "ipv6_cidr_blocks": null,
            "prefix_list_ids": null,
            "protocol": "-1",
            "security_group_id": "sg-0588b08364354075a",
            "self": false,
            "source_security_group_id": "sg-0588b08364354075a",
            "to_port": 65535,
            "type": "ingress"
          },
          "sensitive_attributes": [],
          "private": "eyJzY2hlbWFfdmVyc2lvbiI6IjIifQ==",
          "dependencies": [
            "module.aws-eks-accelerator-for-terraform.module.aws_eks.aws_security_group.workers",
            "module.aws_vpc.aws_vpc.this"
          ]
        }
      ]
    },
    {
      "module": "module.aws-eks-accelerator-for-terraform.module.aws_eks",
      "mode": "managed",
      "type": "local_file",
      "name": "kubeconfig",
      "provider": "provider[\"registry.terraform.io/hashicorp/local\"]",
      "instances": [
        {
          "index_key": 0,
          "schema_version": 0,
          "attributes": {
            "content": "apiVersion: v1\npreferences: {}\nkind: Config\n\nclusters:\n- cluster:\n    server: https://501C1F9F4822C89897210D33F536FE3F.gr7.ap-southeast-1.eks.amazonaws.com\n    certificate-authority-data: LS0tLS1CRUdJTiBDRVJUSUZJQ0FURS0tLS0tCk1JSUM1ekNDQWMrZ0F3SUJBZ0lCQURBTkJna3Foa2lHOXcwQkFRc0ZBREFWTVJNd0VRWURWUVFERXdwcmRXSmwKY201bGRHVnpNQjRYRFRJeU1ETXhOVEUyTlRneE0xb1hEVE15TURNeE1qRTJOVGd4TTFvd0ZURVRNQkVHQTFVRQpBeE1LYTNWaVpYSnVaWFJsY3pDQ0FTSXdEUVlKS29aSWh2Y05BUUVCQlFBRGdnRVBBRENDQVFvQ2dnRUJBTmgvCm82UWQyN1ljNHBRRWhOWGw2aFBrbnY5cUFweXlWUzFDWTdOZ05Da3FzZjlTS0JTUU1EWGJHNHBNbGRLUkN1cVEKTzUzT2t3Rzl4R0xOTCtOblZDV24vTytpZUsvcUJ5Z3dqd3owOFRyZW5ESk1SRnhjaHNKUGpOa01NbXNvRmhmVApjaVQrbmYrY3B2OHRTZEtHSFZMRVA1LzhFSFZBRStydjFKVDNCK3RmYW8zcGswQW05dmxGSmN3UHZtT216alRZCkR6K1dyK3lzSlVtdFdVV0d0SjBhRzNNWEc4dk1DcmxRU3IyRkh2aWd6RkM3ZXBkbHNFUUZnbXk4K3YvVEw2b08KczMyQ3RidWxUUmwxaUNsemtGN3Fvd3pWcjJQeDJqWDA4OXVKR2RPc0RTSU1jRzFVMERaYm1KVTVqZzQ0dnQvRQpoT2twT1BCNGZ4UFFYbWxWRVUwQ0F3RUFBYU5DTUVBd0RnWURWUjBQQVFIL0JBUURBZ0trTUE4R0ExVWRFd0VCCi93UUZNQU1CQWY4d0hRWURWUjBPQkJZRUZOVnB1aEhzZEkrelJ4WXNXb1RWakJtSnVpdFFNQTBHQ1NxR1NJYjMKRFFFQkN3VUFBNElCQVFDMDlvbkFjbFltRCtwejZCdGJreUZOdmpqOHV1WGFUd0tsLzBkSXBFczVnQVl6Rjl6UQo0MXhyT3N3bW10emxLRmpodHZRaXNRSWRIWEJwU3ZHVk5NSzNpTUlwVGxiQm5GYlpheTZ6UUNGMkx6eXloYUQ5Cnc3bVhRTXM1djhBTHdXc0tES2xlbWM0dmh2eGlXU2dBcGVmVWdXWGtpb2V2TEJuNE1Uem4ybDFZYkxBbWJycnoKdGZudkJQRE5yRmdVZVFyd0hKK0g2VUJSOHNkbnBpV1gwaVJ5cUw5ako5S3lUTklJOC9IN3ZjMUkwOHZnMW0zSAoyVVZ0SmVZVkNpRTBzbEtyTm9JU2JmSTlqVFRKcGtmK3VUdkd6b1o2bVVIRmsvWFFOZ0o4YVVhWHJYcis0WjBTCkY0eHBaZW16RnpBRXFSMEd4VjYyQTl5ZWRMYU53RHVRdzNPZAotLS0tLUVORCBDRVJUSUZJQ0FURS0tLS0tCg==\n  name: eks_aws001-preprod-dev-eks\n\ncontexts:\n- context:\n    cluster: eks_aws001-preprod-dev-eks\n    user: eks_aws001-preprod-dev-eks\n  name: eks_aws001-preprod-dev-eks\n\ncurrent-context: eks_aws001-preprod-dev-eks\n\nusers:\n- name: eks_aws001-preprod-dev-eks\n  user:\n    exec:\n      apiVersion: client.authentication.k8s.io/v1alpha1\n      command: aws-iam-authenticator\n      args:\n        - \"token\"\n        - \"-i\"\n        - \"aws001-preprod-dev-eks\"\n",
            "content_base64": null,
            "directory_permission": "0755",
            "file_permission": "0600",
            "filename": "./kubeconfig_aws001-preprod-dev-eks",
            "id": "b889c51dac5fbc5bec70145ffcda77498e6a796a",
            "sensitive_content": null,
            "source": null
          },
          "sensitive_attributes": [],
          "private": "bnVsbA==",
          "dependencies": [
            "data.aws_availability_zones.available",
            "module.aws-eks-accelerator-for-terraform.data.aws_iam_policy_document.eks_key",
            "module.aws-eks-accelerator-for-terraform.module.aws_eks.aws_cloudwatch_log_group.this",
            "module.aws-eks-accelerator-for-terraform.module.aws_eks.aws_eks_cluster.this",
            "module.aws-eks-accelerator-for-terraform.module.aws_eks.aws_iam_role.cluster",
            "module.aws-eks-accelerator-for-terraform.module.aws_eks.aws_iam_role_policy_attachment.cluster_AmazonEKSClusterPolicy",
            "module.aws-eks-accelerator-for-terraform.module.aws_eks.aws_iam_role_policy_attachment.cluster_AmazonEKSServicePolicy",
            "module.aws-eks-accelerator-for-terraform.module.aws_eks.aws_iam_role_policy_attachment.cluster_AmazonEKSVPCResourceControllerPolicy",
            "module.aws-eks-accelerator-for-terraform.module.aws_eks.aws_security_group.cluster",
            "module.aws-eks-accelerator-for-terraform.module.aws_eks.aws_security_group.workers",
            "module.aws-eks-accelerator-for-terraform.module.aws_eks.aws_security_group_rule.cluster_egress_internet",
            "module.aws-eks-accelerator-for-terraform.module.aws_eks.aws_security_group_rule.cluster_https_worker_ingress",
            "module.aws-eks-accelerator-for-terraform.module.aws_eks.data.aws_iam_policy_document.cluster_assume_role_policy",
            "module.aws-eks-accelerator-for-terraform.module.aws_eks.data.aws_iam_role.custom_cluster_iam_role",
            "module.aws-eks-accelerator-for-terraform.module.aws_eks.data.aws_partition.current",
            "module.aws-eks-accelerator-for-terraform.module.kms.aws_kms_key.this",
            "module.aws_vpc.aws_subnet.private",
            "module.aws_vpc.aws_vpc.this",
            "module.aws_vpc.aws_vpc_ipv4_cidr_block_association.this"
          ]
        }
      ]
    },
    {
      "module": "module.aws-eks-accelerator-for-terraform.module.aws_eks.module.fargate",
      "mode": "data",
      "type": "aws_partition",
      "name": "current",
      "provider": "provider[\"registry.terraform.io/hashicorp/aws\"]",
      "instances": [
        {
          "schema_version": 0,
          "attributes": {
            "dns_suffix": "amazonaws.com",
            "id": "aws",
            "partition": "aws",
            "reverse_dns_prefix": "com.amazonaws"
          },
          "sensitive_attributes": []
        }
      ]
    },
    {
      "module": "module.aws-eks-accelerator-for-terraform.module.kms[0]",
      "mode": "managed",
      "type": "aws_kms_alias",
      "name": "this",
      "provider": "provider[\"registry.terraform.io/hashicorp/aws\"]",
      "instances": [
        {
          "schema_version": 0,
          "attributes": {
            "arn": "arn:aws:kms:ap-southeast-1:214067368354:alias/aws001-preprod-dev-eks",
            "id": "alias/aws001-preprod-dev-eks",
            "name": "alias/aws001-preprod-dev-eks",
            "name_prefix": "",
            "target_key_arn": "arn:aws:kms:ap-southeast-1:214067368354:key/bb232cdb-5f4f-4cf6-be15-4a6389afb5fe",
            "target_key_id": "bb232cdb-5f4f-4cf6-be15-4a6389afb5fe"
          },
          "sensitive_attributes": [],
          "private": "bnVsbA==",
          "dependencies": [
            "module.aws-eks-accelerator-for-terraform.data.aws_iam_policy_document.eks_key",
            "module.aws-eks-accelerator-for-terraform.module.kms.aws_kms_key.this"
          ]
        }
      ]
    },
    {
      "module": "module.aws-eks-accelerator-for-terraform.module.kms[0]",
      "mode": "managed",
      "type": "aws_kms_key",
      "name": "this",
      "provider": "provider[\"registry.terraform.io/hashicorp/aws\"]",
      "instances": [
        {
          "schema_version": 0,
          "attributes": {
            "arn": "arn:aws:kms:ap-southeast-1:214067368354:key/bb232cdb-5f4f-4cf6-be15-4a6389afb5fe",
            "bypass_policy_lockout_safety_check": false,
            "customer_master_key_spec": "SYMMETRIC_DEFAULT",
            "deletion_window_in_days": 30,
            "description": "aws001-preprod-dev-eks EKS cluster secret encryption key",
            "enable_key_rotation": true,
            "id": "bb232cdb-5f4f-4cf6-be15-4a6389afb5fe",
            "is_enabled": true,
            "key_id": "bb232cdb-5f4f-4cf6-be15-4a6389afb5fe",
            "key_usage": "ENCRYPT_DECRYPT",
            "multi_region": false,
            "policy": "{\n  \"Version\": \"2012-10-17\",\n  \"Statement\": [\n    {\n      \"Sid\": \"Allow access for all principals in the account that are authorized\",\n      \"Effect\": \"Allow\",\n      \"Action\": [\n        \"kms:ReEncrypt*\",\n        \"kms:GenerateDataKey*\",\n        \"kms:Encrypt\",\n        \"kms:DescribeKey\",\n        \"kms:Decrypt\",\n        \"kms:CreateGrant\"\n      ],\n      \"Resource\": \"*\",\n      \"Principal\": {\n        \"AWS\": \"arn:aws:iam::214067368354:root\"\n      },\n      \"Condition\": {\n        \"StringEquals\": {\n          \"kms:CallerAccount\": \"214067368354\",\n          \"kms:ViaService\": \"eks.ap-southeast-1.amazonaws.com\"\n        }\n      }\n    },\n    {\n      \"Sid\": \"Allow direct access to key metadata to the account\",\n      \"Effect\": \"Allow\",\n      \"Action\": [\n        \"kms:RevokeGrant\",\n        \"kms:List*\",\n        \"kms:Get*\",\n        \"kms:Describe*\"\n      ],\n      \"Resource\": \"*\",\n      \"Principal\": {\n        \"AWS\": \"arn:aws:iam::214067368354:root\"\n      }\n    },\n    {\n      \"Sid\": \"Allow access for Key Administrators\",\n      \"Effect\": \"Allow\",\n      \"Action\": \"kms:*\",\n      \"Resource\": \"*\",\n      \"Principal\": {\n        \"AWS\": [\n          \"arn:aws:iam::214067368354:role/eksworkspace-admin\",\n          \"arn:aws:iam::214067368354:role/aws001-preprod-dev-eks-cluster-role\"\n        ]\n      }\n    },\n    {\n      \"Sid\": \"Allow use of the key\",\n      \"Effect\": \"Allow\",\n      \"Action\": [\n        \"kms:ReEncrypt*\",\n        \"kms:GenerateDataKey*\",\n        \"kms:Encrypt\",\n        \"kms:DescribeKey\",\n        \"kms:Decrypt\"\n      ],\n      \"Resource\": \"*\",\n      \"Principal\": {\n        \"AWS\": \"arn:aws:iam::214067368354:role/aws001-preprod-dev-eks-cluster-role\"\n      }\n    },\n    {\n      \"Sid\": \"Allow attachment of persistent resources\",\n      \"Effect\": \"Allow\",\n      \"Action\": [\n        \"kms:RevokeGrant\",\n        \"kms:ListGrants\",\n        \"kms:CreateGrant\"\n      ],\n      \"Resource\": \"*\",\n      \"Principal\": {\n        \"AWS\": \"arn:aws:iam::214067368354:role/aws001-preprod-dev-eks-cluster-role\"\n      },\n      \"Condition\": {\n        \"Bool\": {\n          \"kms:GrantIsForAWSResource\": \"true\"\n        }\n      }\n    }\n  ]\n}",
            "tags": {
              "created-by": "Terraform v1.0.1",
              "environment": "preprod",
              "name": "aws001-preprod-dev-eks",
              "resource": "eks",
              "tenant": "aws001",
              "zone": "dev"
            },
            "tags_all": {
              "created-by": "Terraform v1.0.1",
              "environment": "preprod",
              "name": "aws001-preprod-dev-eks",
              "resource": "eks",
              "tenant": "aws001",
              "zone": "dev"
            }
          },
          "sensitive_attributes": [],
          "private": "bnVsbA==",
          "dependencies": [
            "module.aws-eks-accelerator-for-terraform.data.aws_iam_policy_document.eks_key"
          ],
          "create_before_destroy": true
        }
      ]
    },
    {
      "module": "module.aws_vpc",
      "mode": "managed",
      "type": "aws_eip",
      "name": "nat",
      "provider": "provider[\"registry.terraform.io/hashicorp/aws\"]",
      "instances": [
        {
          "index_key": 0,
          "schema_version": 0,
          "attributes": {
            "address": null,
            "allocation_id": "eipalloc-014f561619704e017",
            "associate_with_private_ip": null,
            "association_id": "",
            "carrier_ip": "",
            "customer_owned_ip": "",
            "customer_owned_ipv4_pool": "",
            "domain": "vpc",
            "id": "eipalloc-014f561619704e017",
            "instance": "",
            "network_border_group": "ap-southeast-1",
            "network_interface": "",
            "private_dns": null,
            "private_ip": "",
            "public_dns": "ec2-18-142-39-215.ap-southeast-1.compute.amazonaws.com",
            "public_ip": "18.142.39.215",
            "public_ipv4_pool": "amazon",
            "tags": {
              "Name": "aws001-preprod-dev-vpc-ap-southeast-1a"
            },
            "tags_all": {
              "Name": "aws001-preprod-dev-vpc-ap-southeast-1a"
            },
            "timeouts": null,
            "vpc": true
          },
          "sensitive_attributes": [],
          "private": "eyJlMmJmYjczMC1lY2FhLTExZTYtOGY4OC0zNDM2M2JjN2M0YzAiOnsiZGVsZXRlIjoxODAwMDAwMDAwMDAsInJlYWQiOjkwMDAwMDAwMDAwMCwidXBkYXRlIjozMDAwMDAwMDAwMDB9fQ==",
          "dependencies": [
            "data.aws_availability_zones.available"
          ]
        }
      ]
    },
    {
      "module": "module.aws_vpc",
      "mode": "managed",
      "type": "aws_internet_gateway",
      "name": "this",
      "provider": "provider[\"registry.terraform.io/hashicorp/aws\"]",
      "instances": [
        {
          "index_key": 0,
          "schema_version": 0,
          "attributes": {
            "arn": "arn:aws:ec2:ap-southeast-1:214067368354:internet-gateway/igw-018119d2dc208a45e",
            "id": "igw-018119d2dc208a45e",
            "owner_id": "214067368354",
            "tags": {
              "Name": "aws001-preprod-dev-vpc"
            },
            "tags_all": {
              "Name": "aws001-preprod-dev-vpc"
            },
            "vpc_id": "vpc-0956d1b5833623678"
          },
          "sensitive_attributes": [],
          "private": "bnVsbA==",
          "dependencies": [
            "data.aws_availability_zones.available",
            "module.aws_vpc.aws_vpc.this",
            "module.aws_vpc.aws_vpc_ipv4_cidr_block_association.this"
          ]
        }
      ]
    },
    {
      "module": "module.aws_vpc",
      "mode": "managed",
      "type": "aws_nat_gateway",
      "name": "this",
      "provider": "provider[\"registry.terraform.io/hashicorp/aws\"]",
      "instances": [
        {
          "index_key": 0,
          "schema_version": 0,
          "attributes": {
            "allocation_id": "eipalloc-014f561619704e017",
            "connectivity_type": "public",
            "id": "nat-078c0ca15e59818cb",
            "network_interface_id": "eni-0288e925459061c3c",
            "private_ip": "10.0.0.23",
            "public_ip": "18.142.39.215",
            "subnet_id": "subnet-06ba52f7be47af5cd",
            "tags": {
              "Name": "aws001-preprod-dev-vpc-ap-southeast-1a"
            },
            "tags_all": {
              "Name": "aws001-preprod-dev-vpc-ap-southeast-1a"
            }
          },
          "sensitive_attributes": [],
          "private": "bnVsbA==",
          "dependencies": [
            "data.aws_availability_zones.available",
            "module.aws_vpc.aws_eip.nat",
            "module.aws_vpc.aws_internet_gateway.this",
            "module.aws_vpc.aws_subnet.public",
            "module.aws_vpc.aws_vpc.this",
            "module.aws_vpc.aws_vpc_ipv4_cidr_block_association.this"
          ]
        }
      ]
    },
    {
      "module": "module.aws_vpc",
      "mode": "managed",
      "type": "aws_route",
      "name": "private_nat_gateway",
      "provider": "provider[\"registry.terraform.io/hashicorp/aws\"]",
      "instances": [
        {
          "index_key": 0,
          "schema_version": 0,
          "attributes": {
            "carrier_gateway_id": "",
            "destination_cidr_block": "0.0.0.0/0",
            "destination_ipv6_cidr_block": "",
            "destination_prefix_list_id": "",
            "egress_only_gateway_id": "",
            "gateway_id": "",
            "id": "r-rtb-039a9c96552adf47b1080289494",
            "instance_id": "",
            "instance_owner_id": "",
            "local_gateway_id": "",
            "nat_gateway_id": "nat-078c0ca15e59818cb",
            "network_interface_id": "",
            "origin": "CreateRoute",
            "route_table_id": "rtb-039a9c96552adf47b",
            "state": "active",
            "timeouts": {
              "create": "5m",
              "delete": null,
              "update": null
            },
            "transit_gateway_id": "",
            "vpc_endpoint_id": "",
            "vpc_peering_connection_id": ""
          },
          "sensitive_attributes": [],
          "private": "eyJlMmJmYjczMC1lY2FhLTExZTYtOGY4OC0zNDM2M2JjN2M0YzAiOnsiY3JlYXRlIjozMDAwMDAwMDAwMDAsImRlbGV0ZSI6MzAwMDAwMDAwMDAwLCJ1cGRhdGUiOjEyMDAwMDAwMDAwMH19",
          "dependencies": [
            "data.aws_availability_zones.available",
            "module.aws_vpc.aws_eip.nat",
            "module.aws_vpc.aws_internet_gateway.this",
            "module.aws_vpc.aws_nat_gateway.this",
            "module.aws_vpc.aws_route_table.private",
            "module.aws_vpc.aws_subnet.public",
            "module.aws_vpc.aws_vpc.this",
            "module.aws_vpc.aws_vpc_ipv4_cidr_block_association.this"
          ]
        }
      ]
    },
    {
      "module": "module.aws_vpc",
      "mode": "managed",
      "type": "aws_route",
      "name": "public_internet_gateway",
      "provider": "provider[\"registry.terraform.io/hashicorp/aws\"]",
      "instances": [
        {
          "index_key": 0,
          "schema_version": 0,
          "attributes": {
            "carrier_gateway_id": "",
            "destination_cidr_block": "0.0.0.0/0",
            "destination_ipv6_cidr_block": "",
            "destination_prefix_list_id": "",
            "egress_only_gateway_id": "",
            "gateway_id": "igw-018119d2dc208a45e",
            "id": "r-rtb-0ab8e35dad1e487391080289494",
            "instance_id": "",
            "instance_owner_id": "",
            "local_gateway_id": "",
            "nat_gateway_id": "",
            "network_interface_id": "",
            "origin": "CreateRoute",
            "route_table_id": "rtb-0ab8e35dad1e48739",
            "state": "active",
            "timeouts": {
              "create": "5m",
              "delete": null,
              "update": null
            },
            "transit_gateway_id": "",
            "vpc_endpoint_id": "",
            "vpc_peering_connection_id": ""
          },
          "sensitive_attributes": [],
          "private": "eyJlMmJmYjczMC1lY2FhLTExZTYtOGY4OC0zNDM2M2JjN2M0YzAiOnsiY3JlYXRlIjozMDAwMDAwMDAwMDAsImRlbGV0ZSI6MzAwMDAwMDAwMDAwLCJ1cGRhdGUiOjEyMDAwMDAwMDAwMH19",
          "dependencies": [
            "data.aws_availability_zones.available",
            "module.aws_vpc.aws_internet_gateway.this",
            "module.aws_vpc.aws_route_table.public",
            "module.aws_vpc.aws_vpc.this",
            "module.aws_vpc.aws_vpc_ipv4_cidr_block_association.this"
          ]
        }
      ]
    },
    {
      "module": "module.aws_vpc",
      "mode": "managed",
      "type": "aws_route_table",
      "name": "private",
      "provider": "provider[\"registry.terraform.io/hashicorp/aws\"]",
      "instances": [
        {
          "index_key": 0,
          "schema_version": 0,
          "attributes": {
            "arn": "arn:aws:ec2:ap-southeast-1:214067368354:route-table/rtb-039a9c96552adf47b",
            "id": "rtb-039a9c96552adf47b",
            "owner_id": "214067368354",
            "propagating_vgws": [],
            "route": [],
            "tags": {
              "Name": "aws001-preprod-dev-vpc-private"
            },
            "tags_all": {
              "Name": "aws001-preprod-dev-vpc-private"
            },
            "timeouts": null,
            "vpc_id": "vpc-0956d1b5833623678"
          },
          "sensitive_attributes": [],
          "private": "eyJlMmJmYjczMC1lY2FhLTExZTYtOGY4OC0zNDM2M2JjN2M0YzAiOnsiY3JlYXRlIjozMDAwMDAwMDAwMDAsImRlbGV0ZSI6MzAwMDAwMDAwMDAwLCJ1cGRhdGUiOjEyMDAwMDAwMDAwMH19",
          "dependencies": [
            "data.aws_availability_zones.available",
            "module.aws_vpc.aws_vpc.this",
            "module.aws_vpc.aws_vpc_ipv4_cidr_block_association.this"
          ]
        }
      ]
    },
    {
      "module": "module.aws_vpc",
      "mode": "managed",
      "type": "aws_route_table",
      "name": "public",
      "provider": "provider[\"registry.terraform.io/hashicorp/aws\"]",
      "instances": [
        {
          "index_key": 0,
          "schema_version": 0,
          "attributes": {
            "arn": "arn:aws:ec2:ap-southeast-1:214067368354:route-table/rtb-0ab8e35dad1e48739",
            "id": "rtb-0ab8e35dad1e48739",
            "owner_id": "214067368354",
            "propagating_vgws": [],
            "route": [],
            "tags": {
              "Name": "aws001-preprod-dev-vpc-public"
            },
            "tags_all": {
              "Name": "aws001-preprod-dev-vpc-public"
            },
            "timeouts": null,
            "vpc_id": "vpc-0956d1b5833623678"
          },
          "sensitive_attributes": [],
          "private": "eyJlMmJmYjczMC1lY2FhLTExZTYtOGY4OC0zNDM2M2JjN2M0YzAiOnsiY3JlYXRlIjozMDAwMDAwMDAwMDAsImRlbGV0ZSI6MzAwMDAwMDAwMDAwLCJ1cGRhdGUiOjEyMDAwMDAwMDAwMH19",
          "dependencies": [
            "data.aws_availability_zones.available",
            "module.aws_vpc.aws_vpc.this",
            "module.aws_vpc.aws_vpc_ipv4_cidr_block_association.this"
          ]
        }
      ]
    },
    {
      "module": "module.aws_vpc",
      "mode": "managed",
      "type": "aws_route_table_association",
      "name": "private",
      "provider": "provider[\"registry.terraform.io/hashicorp/aws\"]",
      "instances": [
        {
          "index_key": 0,
          "schema_version": 0,
          "attributes": {
            "gateway_id": "",
            "id": "rtbassoc-0c094173423105a37",
            "route_table_id": "rtb-039a9c96552adf47b",
            "subnet_id": "subnet-0d9e3048b9235cdf1"
          },
          "sensitive_attributes": [],
          "private": "bnVsbA==",
          "dependencies": [
            "data.aws_availability_zones.available",
            "module.aws_vpc.aws_route_table.private",
            "module.aws_vpc.aws_subnet.private",
            "module.aws_vpc.aws_vpc.this",
            "module.aws_vpc.aws_vpc_ipv4_cidr_block_association.this"
          ]
        },
        {
          "index_key": 1,
          "schema_version": 0,
          "attributes": {
            "gateway_id": "",
            "id": "rtbassoc-0a573ed37c1c7817a",
            "route_table_id": "rtb-039a9c96552adf47b",
            "subnet_id": "subnet-07f7869dc4bf22f04"
          },
          "sensitive_attributes": [],
          "private": "bnVsbA==",
          "dependencies": [
            "data.aws_availability_zones.available",
            "module.aws_vpc.aws_route_table.private",
            "module.aws_vpc.aws_subnet.private",
            "module.aws_vpc.aws_vpc.this",
            "module.aws_vpc.aws_vpc_ipv4_cidr_block_association.this"
          ]
        },
        {
          "index_key": 2,
          "schema_version": 0,
          "attributes": {
            "gateway_id": "",
            "id": "rtbassoc-0d44e3487fd8bfe81",
            "route_table_id": "rtb-039a9c96552adf47b",
            "subnet_id": "subnet-02c53631fed085133"
          },
          "sensitive_attributes": [],
          "private": "bnVsbA==",
          "dependencies": [
            "data.aws_availability_zones.available",
            "module.aws_vpc.aws_route_table.private",
            "module.aws_vpc.aws_subnet.private",
            "module.aws_vpc.aws_vpc.this",
            "module.aws_vpc.aws_vpc_ipv4_cidr_block_association.this"
          ]
        }
      ]
    },
    {
      "module": "module.aws_vpc",
      "mode": "managed",
      "type": "aws_route_table_association",
      "name": "public",
      "provider": "provider[\"registry.terraform.io/hashicorp/aws\"]",
      "instances": [
        {
          "index_key": 0,
          "schema_version": 0,
          "attributes": {
            "gateway_id": "",
            "id": "rtbassoc-0d64410a4ac9325b9",
            "route_table_id": "rtb-0ab8e35dad1e48739",
            "subnet_id": "subnet-06ba52f7be47af5cd"
          },
          "sensitive_attributes": [],
          "private": "bnVsbA==",
          "dependencies": [
            "data.aws_availability_zones.available",
            "module.aws_vpc.aws_route_table.public",
            "module.aws_vpc.aws_subnet.public",
            "module.aws_vpc.aws_vpc.this",
            "module.aws_vpc.aws_vpc_ipv4_cidr_block_association.this"
          ]
        },
        {
          "index_key": 1,
          "schema_version": 0,
          "attributes": {
            "gateway_id": "",
            "id": "rtbassoc-0e27703c35a24ed57",
            "route_table_id": "rtb-0ab8e35dad1e48739",
            "subnet_id": "subnet-0ef5b1155d158140d"
          },
          "sensitive_attributes": [],
          "private": "bnVsbA==",
          "dependencies": [
            "data.aws_availability_zones.available",
            "module.aws_vpc.aws_route_table.public",
            "module.aws_vpc.aws_subnet.public",
            "module.aws_vpc.aws_vpc.this",
            "module.aws_vpc.aws_vpc_ipv4_cidr_block_association.this"
          ]
        },
        {
          "index_key": 2,
          "schema_version": 0,
          "attributes": {
            "gateway_id": "",
            "id": "rtbassoc-0187afd663b8f43e4",
            "route_table_id": "rtb-0ab8e35dad1e48739",
            "subnet_id": "subnet-01ce720c9382796c8"
          },
          "sensitive_attributes": [],
          "private": "bnVsbA==",
          "dependencies": [
            "data.aws_availability_zones.available",
            "module.aws_vpc.aws_route_table.public",
            "module.aws_vpc.aws_subnet.public",
            "module.aws_vpc.aws_vpc.this",
            "module.aws_vpc.aws_vpc_ipv4_cidr_block_association.this"
          ]
        }
      ]
    },
    {
      "module": "module.aws_vpc",
      "mode": "managed",
      "type": "aws_subnet",
      "name": "private",
      "provider": "provider[\"registry.terraform.io/hashicorp/aws\"]",
      "instances": [
        {
          "index_key": 0,
          "schema_version": 1,
          "attributes": {
            "arn": "arn:aws:ec2:ap-southeast-1:214067368354:subnet/subnet-0d9e3048b9235cdf1",
            "assign_ipv6_address_on_creation": false,
            "availability_zone": "ap-southeast-1a",
            "availability_zone_id": "apse1-az2",
            "cidr_block": "10.0.10.0/24",
            "customer_owned_ipv4_pool": "",
            "enable_dns64": false,
            "enable_resource_name_dns_a_record_on_launch": false,
            "enable_resource_name_dns_aaaa_record_on_launch": false,
            "id": "subnet-0d9e3048b9235cdf1",
            "ipv6_cidr_block": "",
            "ipv6_cidr_block_association_id": "",
            "ipv6_native": false,
            "map_customer_owned_ip_on_launch": false,
            "map_public_ip_on_launch": false,
            "outpost_arn": "",
            "owner_id": "214067368354",
            "private_dns_hostname_type_on_launch": "ip-name",
            "tags": {
              "Name": "aws001-preprod-dev-vpc-private-ap-southeast-1a",
              "kubernetes.io/cluster/aws001-preprod-dev-eks": "shared",
              "kubernetes.io/role/internal-elb": "1"
            },
            "tags_all": {
              "Name": "aws001-preprod-dev-vpc-private-ap-southeast-1a",
              "kubernetes.io/cluster/aws001-preprod-dev-eks": "shared",
              "kubernetes.io/role/internal-elb": "1"
            },
            "timeouts": null,
            "vpc_id": "vpc-0956d1b5833623678"
          },
          "sensitive_attributes": [],
          "private": "eyJlMmJmYjczMC1lY2FhLTExZTYtOGY4OC0zNDM2M2JjN2M0YzAiOnsiY3JlYXRlIjo2MDAwMDAwMDAwMDAsImRlbGV0ZSI6MTIwMDAwMDAwMDAwMH0sInNjaGVtYV92ZXJzaW9uIjoiMSJ9",
          "dependencies": [
            "data.aws_availability_zones.available",
            "module.aws_vpc.aws_vpc.this",
            "module.aws_vpc.aws_vpc_ipv4_cidr_block_association.this"
          ],
          "create_before_destroy": true
        },
        {
          "index_key": 1,
          "schema_version": 1,
          "attributes": {
            "arn": "arn:aws:ec2:ap-southeast-1:214067368354:subnet/subnet-07f7869dc4bf22f04",
            "assign_ipv6_address_on_creation": false,
            "availability_zone": "ap-southeast-1b",
            "availability_zone_id": "apse1-az1",
            "cidr_block": "10.0.11.0/24",
            "customer_owned_ipv4_pool": "",
            "enable_dns64": false,
            "enable_resource_name_dns_a_record_on_launch": false,
            "enable_resource_name_dns_aaaa_record_on_launch": false,
            "id": "subnet-07f7869dc4bf22f04",
            "ipv6_cidr_block": "",
            "ipv6_cidr_block_association_id": "",
            "ipv6_native": false,
            "map_customer_owned_ip_on_launch": false,
            "map_public_ip_on_launch": false,
            "outpost_arn": "",
            "owner_id": "214067368354",
            "private_dns_hostname_type_on_launch": "ip-name",
            "tags": {
              "Name": "aws001-preprod-dev-vpc-private-ap-southeast-1b",
              "kubernetes.io/cluster/aws001-preprod-dev-eks": "shared",
              "kubernetes.io/role/internal-elb": "1"
            },
            "tags_all": {
              "Name": "aws001-preprod-dev-vpc-private-ap-southeast-1b",
              "kubernetes.io/cluster/aws001-preprod-dev-eks": "shared",
              "kubernetes.io/role/internal-elb": "1"
            },
            "timeouts": null,
            "vpc_id": "vpc-0956d1b5833623678"
          },
          "sensitive_attributes": [],
          "private": "eyJlMmJmYjczMC1lY2FhLTExZTYtOGY4OC0zNDM2M2JjN2M0YzAiOnsiY3JlYXRlIjo2MDAwMDAwMDAwMDAsImRlbGV0ZSI6MTIwMDAwMDAwMDAwMH0sInNjaGVtYV92ZXJzaW9uIjoiMSJ9",
          "dependencies": [
            "data.aws_availability_zones.available",
            "module.aws_vpc.aws_vpc.this",
            "module.aws_vpc.aws_vpc_ipv4_cidr_block_association.this"
          ],
          "create_before_destroy": true
        },
        {
          "index_key": 2,
          "schema_version": 1,
          "attributes": {
            "arn": "arn:aws:ec2:ap-southeast-1:214067368354:subnet/subnet-02c53631fed085133",
            "assign_ipv6_address_on_creation": false,
            "availability_zone": "ap-southeast-1c",
            "availability_zone_id": "apse1-az3",
            "cidr_block": "10.0.12.0/24",
            "customer_owned_ipv4_pool": "",
            "enable_dns64": false,
            "enable_resource_name_dns_a_record_on_launch": false,
            "enable_resource_name_dns_aaaa_record_on_launch": false,
            "id": "subnet-02c53631fed085133",
            "ipv6_cidr_block": "",
            "ipv6_cidr_block_association_id": "",
            "ipv6_native": false,
            "map_customer_owned_ip_on_launch": false,
            "map_public_ip_on_launch": false,
            "outpost_arn": "",
            "owner_id": "214067368354",
            "private_dns_hostname_type_on_launch": "ip-name",
            "tags": {
              "Name": "aws001-preprod-dev-vpc-private-ap-southeast-1c",
              "kubernetes.io/cluster/aws001-preprod-dev-eks": "shared",
              "kubernetes.io/role/internal-elb": "1"
            },
            "tags_all": {
              "Name": "aws001-preprod-dev-vpc-private-ap-southeast-1c",
              "kubernetes.io/cluster/aws001-preprod-dev-eks": "shared",
              "kubernetes.io/role/internal-elb": "1"
            },
            "timeouts": null,
            "vpc_id": "vpc-0956d1b5833623678"
          },
          "sensitive_attributes": [],
          "private": "eyJlMmJmYjczMC1lY2FhLTExZTYtOGY4OC0zNDM2M2JjN2M0YzAiOnsiY3JlYXRlIjo2MDAwMDAwMDAwMDAsImRlbGV0ZSI6MTIwMDAwMDAwMDAwMH0sInNjaGVtYV92ZXJzaW9uIjoiMSJ9",
          "dependencies": [
            "data.aws_availability_zones.available",
            "module.aws_vpc.aws_vpc.this",
            "module.aws_vpc.aws_vpc_ipv4_cidr_block_association.this"
          ],
          "create_before_destroy": true
        }
      ]
    },
    {
      "module": "module.aws_vpc",
      "mode": "managed",
      "type": "aws_subnet",
      "name": "public",
      "provider": "provider[\"registry.terraform.io/hashicorp/aws\"]",
      "instances": [
        {
          "index_key": 0,
          "schema_version": 1,
          "attributes": {
            "arn": "arn:aws:ec2:ap-southeast-1:214067368354:subnet/subnet-06ba52f7be47af5cd",
            "assign_ipv6_address_on_creation": false,
            "availability_zone": "ap-southeast-1a",
            "availability_zone_id": "apse1-az2",
            "cidr_block": "10.0.0.0/24",
            "customer_owned_ipv4_pool": "",
            "enable_dns64": false,
            "enable_resource_name_dns_a_record_on_launch": false,
            "enable_resource_name_dns_aaaa_record_on_launch": false,
            "id": "subnet-06ba52f7be47af5cd",
            "ipv6_cidr_block": "",
            "ipv6_cidr_block_association_id": "",
            "ipv6_native": false,
            "map_customer_owned_ip_on_launch": false,
            "map_public_ip_on_launch": true,
            "outpost_arn": "",
            "owner_id": "214067368354",
            "private_dns_hostname_type_on_launch": "ip-name",
            "tags": {
              "Name": "aws001-preprod-dev-vpc-public-ap-southeast-1a",
              "kubernetes.io/cluster/aws001-preprod-dev-eks": "shared",
              "kubernetes.io/role/elb": "1"
            },
            "tags_all": {
              "Name": "aws001-preprod-dev-vpc-public-ap-southeast-1a",
              "kubernetes.io/cluster/aws001-preprod-dev-eks": "shared",
              "kubernetes.io/role/elb": "1"
            },
            "timeouts": null,
            "vpc_id": "vpc-0956d1b5833623678"
          },
          "sensitive_attributes": [],
          "private": "eyJlMmJmYjczMC1lY2FhLTExZTYtOGY4OC0zNDM2M2JjN2M0YzAiOnsiY3JlYXRlIjo2MDAwMDAwMDAwMDAsImRlbGV0ZSI6MTIwMDAwMDAwMDAwMH0sInNjaGVtYV92ZXJzaW9uIjoiMSJ9",
          "dependencies": [
            "data.aws_availability_zones.available",
            "module.aws_vpc.aws_vpc.this",
            "module.aws_vpc.aws_vpc_ipv4_cidr_block_association.this"
          ]
        },
        {
          "index_key": 1,
          "schema_version": 1,
          "attributes": {
            "arn": "arn:aws:ec2:ap-southeast-1:214067368354:subnet/subnet-0ef5b1155d158140d",
            "assign_ipv6_address_on_creation": false,
            "availability_zone": "ap-southeast-1b",
            "availability_zone_id": "apse1-az1",
            "cidr_block": "10.0.1.0/24",
            "customer_owned_ipv4_pool": "",
            "enable_dns64": false,
            "enable_resource_name_dns_a_record_on_launch": false,
            "enable_resource_name_dns_aaaa_record_on_launch": false,
            "id": "subnet-0ef5b1155d158140d",
            "ipv6_cidr_block": "",
            "ipv6_cidr_block_association_id": "",
            "ipv6_native": false,
            "map_customer_owned_ip_on_launch": false,
            "map_public_ip_on_launch": true,
            "outpost_arn": "",
            "owner_id": "214067368354",
            "private_dns_hostname_type_on_launch": "ip-name",
            "tags": {
              "Name": "aws001-preprod-dev-vpc-public-ap-southeast-1b",
              "kubernetes.io/cluster/aws001-preprod-dev-eks": "shared",
              "kubernetes.io/role/elb": "1"
            },
            "tags_all": {
              "Name": "aws001-preprod-dev-vpc-public-ap-southeast-1b",
              "kubernetes.io/cluster/aws001-preprod-dev-eks": "shared",
              "kubernetes.io/role/elb": "1"
            },
            "timeouts": null,
            "vpc_id": "vpc-0956d1b5833623678"
          },
          "sensitive_attributes": [],
          "private": "eyJlMmJmYjczMC1lY2FhLTExZTYtOGY4OC0zNDM2M2JjN2M0YzAiOnsiY3JlYXRlIjo2MDAwMDAwMDAwMDAsImRlbGV0ZSI6MTIwMDAwMDAwMDAwMH0sInNjaGVtYV92ZXJzaW9uIjoiMSJ9",
          "dependencies": [
            "data.aws_availability_zones.available",
            "module.aws_vpc.aws_vpc.this",
            "module.aws_vpc.aws_vpc_ipv4_cidr_block_association.this"
          ]
        },
        {
          "index_key": 2,
          "schema_version": 1,
          "attributes": {
            "arn": "arn:aws:ec2:ap-southeast-1:214067368354:subnet/subnet-01ce720c9382796c8",
            "assign_ipv6_address_on_creation": false,
            "availability_zone": "ap-southeast-1c",
            "availability_zone_id": "apse1-az3",
            "cidr_block": "10.0.2.0/24",
            "customer_owned_ipv4_pool": "",
            "enable_dns64": false,
            "enable_resource_name_dns_a_record_on_launch": false,
            "enable_resource_name_dns_aaaa_record_on_launch": false,
            "id": "subnet-01ce720c9382796c8",
            "ipv6_cidr_block": "",
            "ipv6_cidr_block_association_id": "",
            "ipv6_native": false,
            "map_customer_owned_ip_on_launch": false,
            "map_public_ip_on_launch": true,
            "outpost_arn": "",
            "owner_id": "214067368354",
            "private_dns_hostname_type_on_launch": "ip-name",
            "tags": {
              "Name": "aws001-preprod-dev-vpc-public-ap-southeast-1c",
              "kubernetes.io/cluster/aws001-preprod-dev-eks": "shared",
              "kubernetes.io/role/elb": "1"
            },
            "tags_all": {
              "Name": "aws001-preprod-dev-vpc-public-ap-southeast-1c",
              "kubernetes.io/cluster/aws001-preprod-dev-eks": "shared",
              "kubernetes.io/role/elb": "1"
            },
            "timeouts": null,
            "vpc_id": "vpc-0956d1b5833623678"
          },
          "sensitive_attributes": [],
          "private": "eyJlMmJmYjczMC1lY2FhLTExZTYtOGY4OC0zNDM2M2JjN2M0YzAiOnsiY3JlYXRlIjo2MDAwMDAwMDAwMDAsImRlbGV0ZSI6MTIwMDAwMDAwMDAwMH0sInNjaGVtYV92ZXJzaW9uIjoiMSJ9",
          "dependencies": [
            "data.aws_availability_zones.available",
            "module.aws_vpc.aws_vpc.this",
            "module.aws_vpc.aws_vpc_ipv4_cidr_block_association.this"
          ]
        }
      ]
    },
    {
      "module": "module.aws_vpc",
      "mode": "managed",
      "type": "aws_vpc",
      "name": "this",
      "provider": "provider[\"registry.terraform.io/hashicorp/aws\"]",
      "instances": [
        {
          "index_key": 0,
          "schema_version": 1,
          "attributes": {
            "arn": "arn:aws:ec2:ap-southeast-1:214067368354:vpc/vpc-0956d1b5833623678",
            "assign_generated_ipv6_cidr_block": false,
            "cidr_block": "10.0.0.0/16",
            "default_network_acl_id": "acl-04b13cf1ac06e7612",
            "default_route_table_id": "rtb-0871a6f9c74f37998",
            "default_security_group_id": "sg-0dc7f33cab40d794e",
            "dhcp_options_id": "dopt-b9488ddf",
            "enable_classiclink": false,
            "enable_classiclink_dns_support": false,
            "enable_dns_hostnames": true,
            "enable_dns_support": true,
            "id": "vpc-0956d1b5833623678",
            "instance_tenancy": "default",
            "ipv4_ipam_pool_id": null,
            "ipv4_netmask_length": null,
            "ipv6_association_id": "",
            "ipv6_cidr_block": "",
            "ipv6_cidr_block_network_border_group": "",
            "ipv6_ipam_pool_id": "",
            "ipv6_netmask_length": 0,
            "main_route_table_id": "rtb-0871a6f9c74f37998",
            "owner_id": "214067368354",
            "tags": {
              "Name": "aws001-preprod-dev-vpc"
            },
            "tags_all": {
              "Name": "aws001-preprod-dev-vpc"
            }
          },
          "sensitive_attributes": [],
          "private": "eyJzY2hlbWFfdmVyc2lvbiI6IjEifQ==",
          "create_before_destroy": true
        }
      ]
    },
    {
      "module": "module.kubernetes-addons",
      "mode": "data",
      "type": "aws_caller_identity",
      "name": "current",
      "provider": "provider[\"registry.terraform.io/hashicorp/aws\"]",
      "instances": [
        {
          "schema_version": 0,
          "attributes": {
            "account_id": "214067368354",
            "arn": "arn:aws:sts::214067368354:assumed-role/eksworkspace-admin/i-00596d12c79627aeb",
            "id": "214067368354",
            "user_id": "AROATDV3I2GRKQ4Y37L54:i-00596d12c79627aeb"
          },
          "sensitive_attributes": []
        }
      ]
    },
    {
      "module": "module.kubernetes-addons",
      "mode": "data",
      "type": "aws_eks_cluster",
      "name": "eks_cluster",
      "provider": "provider[\"registry.terraform.io/hashicorp/aws\"]",
      "instances": [
        {
          "schema_version": 0,
          "attributes": {
            "arn": "arn:aws:eks:ap-southeast-1:214067368354:cluster/aws001-preprod-dev-eks",
            "certificate_authority": [
              {
                "data": "LS0tLS1CRUdJTiBDRVJUSUZJQ0FURS0tLS0tCk1JSUM1ekNDQWMrZ0F3SUJBZ0lCQURBTkJna3Foa2lHOXcwQkFRc0ZBREFWTVJNd0VRWURWUVFERXdwcmRXSmwKY201bGRHVnpNQjRYRFRJeU1ETXhOVEUyTlRneE0xb1hEVE15TURNeE1qRTJOVGd4TTFvd0ZURVRNQkVHQTFVRQpBeE1LYTNWaVpYSnVaWFJsY3pDQ0FTSXdEUVlKS29aSWh2Y05BUUVCQlFBRGdnRVBBRENDQVFvQ2dnRUJBTmgvCm82UWQyN1ljNHBRRWhOWGw2aFBrbnY5cUFweXlWUzFDWTdOZ05Da3FzZjlTS0JTUU1EWGJHNHBNbGRLUkN1cVEKTzUzT2t3Rzl4R0xOTCtOblZDV24vTytpZUsvcUJ5Z3dqd3owOFRyZW5ESk1SRnhjaHNKUGpOa01NbXNvRmhmVApjaVQrbmYrY3B2OHRTZEtHSFZMRVA1LzhFSFZBRStydjFKVDNCK3RmYW8zcGswQW05dmxGSmN3UHZtT216alRZCkR6K1dyK3lzSlVtdFdVV0d0SjBhRzNNWEc4dk1DcmxRU3IyRkh2aWd6RkM3ZXBkbHNFUUZnbXk4K3YvVEw2b08KczMyQ3RidWxUUmwxaUNsemtGN3Fvd3pWcjJQeDJqWDA4OXVKR2RPc0RTSU1jRzFVMERaYm1KVTVqZzQ0dnQvRQpoT2twT1BCNGZ4UFFYbWxWRVUwQ0F3RUFBYU5DTUVBd0RnWURWUjBQQVFIL0JBUURBZ0trTUE4R0ExVWRFd0VCCi93UUZNQU1CQWY4d0hRWURWUjBPQkJZRUZOVnB1aEhzZEkrelJ4WXNXb1RWakJtSnVpdFFNQTBHQ1NxR1NJYjMKRFFFQkN3VUFBNElCQVFDMDlvbkFjbFltRCtwejZCdGJreUZOdmpqOHV1WGFUd0tsLzBkSXBFczVnQVl6Rjl6UQo0MXhyT3N3bW10emxLRmpodHZRaXNRSWRIWEJwU3ZHVk5NSzNpTUlwVGxiQm5GYlpheTZ6UUNGMkx6eXloYUQ5Cnc3bVhRTXM1djhBTHdXc0tES2xlbWM0dmh2eGlXU2dBcGVmVWdXWGtpb2V2TEJuNE1Uem4ybDFZYkxBbWJycnoKdGZudkJQRE5yRmdVZVFyd0hKK0g2VUJSOHNkbnBpV1gwaVJ5cUw5ako5S3lUTklJOC9IN3ZjMUkwOHZnMW0zSAoyVVZ0SmVZVkNpRTBzbEtyTm9JU2JmSTlqVFRKcGtmK3VUdkd6b1o2bVVIRmsvWFFOZ0o4YVVhWHJYcis0WjBTCkY0eHBaZW16RnpBRXFSMEd4VjYyQTl5ZWRMYU53RHVRdzNPZAotLS0tLUVORCBDRVJUSUZJQ0FURS0tLS0tCg=="
              }
            ],
            "created_at": "2022-03-15 16:51:43.391 +0000 UTC",
            "enabled_cluster_log_types": [
              "api",
              "audit",
              "authenticator",
              "controllerManager",
              "scheduler"
            ],
            "endpoint": "https://501C1F9F4822C89897210D33F536FE3F.gr7.ap-southeast-1.eks.amazonaws.com",
            "id": "aws001-preprod-dev-eks",
            "identity": [
              {
                "oidc": [
                  {
                    "issuer": "https://oidc.eks.ap-southeast-1.amazonaws.com/id/501C1F9F4822C89897210D33F536FE3F"
                  }
                ]
              }
            ],
            "kubernetes_network_config": [
              {
                "ip_family": "ipv4",
                "service_ipv4_cidr": "172.20.0.0/16"
              }
            ],
            "name": "aws001-preprod-dev-eks",
            "platform_version": "eks.5",
            "role_arn": "arn:aws:iam::214067368354:role/aws001-preprod-dev-eks-cluster-role",
            "status": "ACTIVE",
            "tags": {
              "created-by": "Terraform v1.0.1",
              "environment": "preprod",
              "name": "aws001-preprod-dev-eks",
              "resource": "eks",
              "tenant": "aws001",
              "zone": "dev"
            },
            "version": "1.21",
            "vpc_config": [
              {
                "cluster_security_group_id": "sg-05f915f119b1c4329",
                "endpoint_private_access": false,
                "endpoint_public_access": true,
                "public_access_cidrs": [
                  "0.0.0.0/0"
                ],
                "security_group_ids": [
                  "sg-064910ba7e7ba5dc4"
                ],
                "subnet_ids": [
                  "subnet-02c53631fed085133",
                  "subnet-07f7869dc4bf22f04",
                  "subnet-0d9e3048b9235cdf1"
                ],
                "vpc_id": "vpc-0956d1b5833623678"
              }
            ]
          },
          "sensitive_attributes": []
        }
      ]
    },
    {
      "module": "module.kubernetes-addons",
      "mode": "data",
      "type": "aws_partition",
      "name": "current",
      "provider": "provider[\"registry.terraform.io/hashicorp/aws\"]",
      "instances": [
        {
          "schema_version": 0,
          "attributes": {
            "dns_suffix": "amazonaws.com",
            "id": "aws",
            "partition": "aws",
            "reverse_dns_prefix": "com.amazonaws"
          },
          "sensitive_attributes": []
        }
      ]
    },
    {
      "module": "module.kubernetes-addons",
      "mode": "data",
      "type": "aws_region",
      "name": "current",
      "provider": "provider[\"registry.terraform.io/hashicorp/aws\"]",
      "instances": [
        {
          "schema_version": 0,
          "attributes": {
            "description": "Asia Pacific (Singapore)",
            "endpoint": "ec2.ap-southeast-1.amazonaws.com",
            "id": "ap-southeast-1",
            "name": "ap-southeast-1"
          },
          "sensitive_attributes": []
        }
      ]
    },
    {
      "module": "module.kubernetes-addons.module.aws_coredns[0]",
      "mode": "managed",
      "type": "aws_eks_addon",
      "name": "coredns",
      "provider": "provider[\"registry.terraform.io/hashicorp/aws\"]",
      "instances": [
        {
          "status": "tainted",
          "schema_version": 0,
          "attributes": {
            "addon_name": "coredns",
            "addon_version": "v1.8.4-eksbuild.1",
            "arn": null,
            "cluster_name": "aws001-preprod-dev-eks",
            "created_at": null,
            "id": "aws001-preprod-dev-eks:coredns",
            "modified_at": null,
            "resolve_conflicts": "OVERWRITE",
            "service_account_role_arn": "",
            "tags": {
              "eks_addon": "coredns"
            },
            "tags_all": {
              "eks_addon": "coredns"
            }
          },
          "sensitive_attributes": [],
          "private": "bnVsbA==",
          "dependencies": [
            "data.aws_availability_zones.available",
            "module.aws-eks-accelerator-for-terraform.data.aws_iam_policy_document.eks_key",
            "module.aws-eks-accelerator-for-terraform.module.aws_eks.aws_cloudwatch_log_group.this",
            "module.aws-eks-accelerator-for-terraform.module.aws_eks.aws_eks_cluster.this",
            "module.aws-eks-accelerator-for-terraform.module.aws_eks.aws_iam_role.cluster",
            "module.aws-eks-accelerator-for-terraform.module.aws_eks.aws_iam_role_policy_attachment.cluster_AmazonEKSClusterPolicy",
            "module.aws-eks-accelerator-for-terraform.module.aws_eks.aws_iam_role_policy_attachment.cluster_AmazonEKSServicePolicy",
            "module.aws-eks-accelerator-for-terraform.module.aws_eks.aws_iam_role_policy_attachment.cluster_AmazonEKSVPCResourceControllerPolicy",
            "module.aws-eks-accelerator-for-terraform.module.aws_eks.aws_security_group.cluster",
            "module.aws-eks-accelerator-for-terraform.module.aws_eks.aws_security_group.workers",
            "module.aws-eks-accelerator-for-terraform.module.aws_eks.aws_security_group_rule.cluster_egress_internet",
            "module.aws-eks-accelerator-for-terraform.module.aws_eks.aws_security_group_rule.cluster_https_worker_ingress",
            "module.aws-eks-accelerator-for-terraform.module.aws_eks.data.aws_iam_policy_document.cluster_assume_role_policy",
            "module.aws-eks-accelerator-for-terraform.module.aws_eks.data.aws_iam_role.custom_cluster_iam_role",
            "module.aws-eks-accelerator-for-terraform.module.aws_eks.data.aws_partition.current",
            "module.aws-eks-accelerator-for-terraform.module.aws_eks.data.http.wait_for_cluster",
            "module.aws-eks-accelerator-for-terraform.module.kms.aws_kms_key.this",
            "module.aws_vpc.aws_subnet.private",
            "module.aws_vpc.aws_vpc.this",
            "module.aws_vpc.aws_vpc_ipv4_cidr_block_association.this",
            "module.kubernetes-addons.data.aws_caller_identity.current",
            "module.kubernetes-addons.data.aws_eks_cluster.eks_cluster",
            "module.kubernetes-addons.data.aws_partition.current",
            "module.kubernetes-addons.data.aws_region.current"
          ]
        }
      ]
    },
    {
      "module": "module.kubernetes-addons.module.aws_kube_proxy[0]",
      "mode": "managed",
      "type": "aws_eks_addon",
      "name": "kube_proxy",
      "provider": "provider[\"registry.terraform.io/hashicorp/aws\"]",
      "instances": [
        {
          "schema_version": 0,
          "attributes": {
            "addon_name": "kube-proxy",
            "addon_version": "v1.21.2-eksbuild.2",
            "arn": "arn:aws:eks:ap-southeast-1:214067368354:addon/aws001-preprod-dev-eks/kube-proxy/8ebfc744-056e-c4b9-05a3-0893a00cf819",
            "cluster_name": "aws001-preprod-dev-eks",
            "created_at": "2022-03-15T17:02:34Z",
            "id": "aws001-preprod-dev-eks:kube-proxy",
            "modified_at": "2022-03-15T17:02:35Z",
            "resolve_conflicts": "OVERWRITE",
            "service_account_role_arn": "",
            "tags": {
              "eks_addon": "kube-proxy"
            },
            "tags_all": {
              "eks_addon": "kube-proxy"
            }
          },
          "sensitive_attributes": [],
          "private": "bnVsbA==",
          "dependencies": [
            "data.aws_availability_zones.available",
            "module.aws-eks-accelerator-for-terraform.data.aws_iam_policy_document.eks_key",
            "module.aws-eks-accelerator-for-terraform.module.aws_eks.aws_cloudwatch_log_group.this",
            "module.aws-eks-accelerator-for-terraform.module.aws_eks.aws_eks_cluster.this",
            "module.aws-eks-accelerator-for-terraform.module.aws_eks.aws_iam_role.cluster",
            "module.aws-eks-accelerator-for-terraform.module.aws_eks.aws_iam_role_policy_attachment.cluster_AmazonEKSClusterPolicy",
            "module.aws-eks-accelerator-for-terraform.module.aws_eks.aws_iam_role_policy_attachment.cluster_AmazonEKSServicePolicy",
            "module.aws-eks-accelerator-for-terraform.module.aws_eks.aws_iam_role_policy_attachment.cluster_AmazonEKSVPCResourceControllerPolicy",
            "module.aws-eks-accelerator-for-terraform.module.aws_eks.aws_security_group.cluster",
            "module.aws-eks-accelerator-for-terraform.module.aws_eks.aws_security_group.workers",
            "module.aws-eks-accelerator-for-terraform.module.aws_eks.aws_security_group_rule.cluster_egress_internet",
            "module.aws-eks-accelerator-for-terraform.module.aws_eks.aws_security_group_rule.cluster_https_worker_ingress",
            "module.aws-eks-accelerator-for-terraform.module.aws_eks.data.aws_iam_policy_document.cluster_assume_role_policy",
            "module.aws-eks-accelerator-for-terraform.module.aws_eks.data.aws_iam_role.custom_cluster_iam_role",
            "module.aws-eks-accelerator-for-terraform.module.aws_eks.data.aws_partition.current",
            "module.aws-eks-accelerator-for-terraform.module.aws_eks.data.http.wait_for_cluster",
            "module.aws-eks-accelerator-for-terraform.module.kms.aws_kms_key.this",
            "module.aws_vpc.aws_subnet.private",
            "module.aws_vpc.aws_vpc.this",
            "module.aws_vpc.aws_vpc_ipv4_cidr_block_association.this",
            "module.kubernetes-addons.data.aws_caller_identity.current",
            "module.kubernetes-addons.data.aws_eks_cluster.eks_cluster",
            "module.kubernetes-addons.data.aws_partition.current",
            "module.kubernetes-addons.data.aws_region.current"
          ]
        }
      ]
    },
    {
      "module": "module.kubernetes-addons.module.aws_load_balancer_controller[0]",
      "mode": "data",
      "type": "aws_iam_policy_document",
      "name": "aws_lb",
      "provider": "provider[\"registry.terraform.io/hashicorp/aws\"]",
      "instances": [
        {
          "schema_version": 0,
          "attributes": {
            "id": "2593514191",
            "json": "{\n  \"Version\": \"2012-10-17\",\n  \"Statement\": [\n    {\n      \"Sid\": \"\",\n      \"Effect\": \"Allow\",\n      \"Action\": [\n        \"iam:CreateServiceLinkedRole\",\n        \"elasticloadbalancing:DescribeTargetHealth\",\n        \"elasticloadbalancing:DescribeTargetGroups\",\n        \"elasticloadbalancing:DescribeTargetGroupAttributes\",\n        \"elasticloadbalancing:DescribeTags\",\n        \"elasticloadbalancing:DescribeSSLPolicies\",\n        \"elasticloadbalancing:DescribeRules\",\n        \"elasticloadbalancing:DescribeLoadBalancers\",\n        \"elasticloadbalancing:DescribeLoadBalancerAttributes\",\n        \"elasticloadbalancing:DescribeListeners\",\n        \"elasticloadbalancing:DescribeListenerCertificates\",\n        \"ec2:GetCoipPoolUsage\",\n        \"ec2:DescribeVpcs\",\n        \"ec2:DescribeTags\",\n        \"ec2:DescribeSubnets\",\n        \"ec2:DescribeSecurityGroups\",\n        \"ec2:DescribeNetworkInterfaces\",\n        \"ec2:DescribeInternetGateways\",\n        \"ec2:DescribeInstances\",\n        \"ec2:DescribeCoipPools\",\n        \"ec2:DescribeAvailabilityZones\",\n        \"ec2:DescribeAddresses\",\n        \"ec2:DescribeAccountAttributes\"\n      ],\n      \"Resource\": \"*\"\n    },\n    {\n      \"Sid\": \"\",\n      \"Effect\": \"Allow\",\n      \"Action\": [\n        \"wafv2:GetWebACLForResource\",\n        \"wafv2:GetWebACL\",\n        \"wafv2:DisassociateWebACL\",\n        \"wafv2:AssociateWebACL\",\n        \"waf-regional:GetWebACLForResource\",\n        \"waf-regional:GetWebACL\",\n        \"waf-regional:DisassociateWebACL\",\n        \"waf-regional:AssociateWebACL\",\n        \"shield:GetSubscriptionState\",\n        \"shield:DescribeProtection\",\n        \"shield:DeleteProtection\",\n        \"shield:CreateProtection\",\n        \"iam:ListServerCertificates\",\n        \"iam:GetServerCertificate\",\n        \"cognito-idp:DescribeUserPoolClient\",\n        \"acm:ListCertificates\",\n        \"acm:DescribeCertificate\"\n      ],\n      \"Resource\": \"*\"\n    },\n    {\n      \"Sid\": \"\",\n      \"Effect\": \"Allow\",\n      \"Action\": [\n        \"ec2:RevokeSecurityGroupIngress\",\n        \"ec2:AuthorizeSecurityGroupIngress\"\n      ],\n      \"Resource\": \"*\"\n    },\n    {\n      \"Sid\": \"\",\n      \"Effect\": \"Allow\",\n      \"Action\": \"ec2:CreateSecurityGroup\",\n      \"Resource\": \"*\"\n    },\n    {\n      \"Sid\": \"\",\n      \"Effect\": \"Allow\",\n      \"Action\": \"ec2:CreateTags\",\n      \"Resource\": \"arn:aws:ec2:*:*:security-group/*\",\n      \"Condition\": {\n        \"Null\": {\n          \"aws:RequestTag/elbv2.k8s.aws/cluster\": \"false\"\n        },\n        \"StringEquals\": {\n          \"ec2:CreateAction\": \"CreateSecurityGroup\"\n        }\n      }\n    },\n    {\n      \"Sid\": \"\",\n      \"Effect\": \"Allow\",\n      \"Action\": [\n        \"ec2:DeleteTags\",\n        \"ec2:CreateTags\"\n      ],\n      \"Resource\": \"arn:aws:ec2:*:*:security-group/*\",\n      \"Condition\": {\n        \"Null\": {\n          \"aws:ResourceTag/ingress.k8s.aws/cluster\": \"false\"\n        }\n      }\n    },\n    {\n      \"Sid\": \"\",\n      \"Effect\": \"Allow\",\n      \"Action\": [\n        \"elasticloadbalancing:RemoveTags\",\n        \"elasticloadbalancing:DeleteTargetGroup\",\n        \"elasticloadbalancing:AddTags\"\n      ],\n      \"Resource\": [\n        \"arn:aws:elasticloadbalancing:*:*:targetgroup/*/*\",\n        \"arn:aws:elasticloadbalancing:*:*:loadbalancer/net/*/*\",\n        \"arn:aws:elasticloadbalancing:*:*:loadbalancer/app/*/*\"\n      ],\n      \"Condition\": {\n        \"Null\": {\n          \"aws:ResourceTag/ingress.k8s.aws/cluster\": \"false\"\n        }\n      }\n    },\n    {\n      \"Sid\": \"\",\n      \"Effect\": \"Allow\",\n      \"Action\": [\n        \"ec2:DeleteTags\",\n        \"ec2:CreateTags\"\n      ],\n      \"Resource\": \"arn:aws:ec2:*:*:security-group/*\",\n      \"Condition\": {\n        \"Null\": {\n          \"aws:RequestTag/elbv2.k8s.aws/cluster\": \"true\",\n          \"aws:ResourceTag/elbv2.k8s.aws/cluster\": \"false\"\n        }\n      }\n    },\n    {\n      \"Sid\": \"\",\n      \"Effect\": \"Allow\",\n      \"Action\": [\n        \"ec2:RevokeSecurityGroupIngress\",\n        \"ec2:DeleteSecurityGroup\",\n        \"ec2:AuthorizeSecurityGroupIngress\"\n      ],\n      \"Resource\": \"*\",\n      \"Condition\": {\n        \"Null\": {\n          \"aws:ResourceTag/elbv2.k8s.aws/cluster\": \"false\"\n        }\n      }\n    },\n    {\n      \"Sid\": \"\",\n      \"Effect\": \"Allow\",\n      \"Action\": [\n        \"elasticloadbalancing:CreateTargetGroup\",\n        \"elasticloadbalancing:CreateLoadBalancer\"\n      ],\n      \"Resource\": \"*\",\n      \"Condition\": {\n        \"Null\": {\n          \"aws:RequestTag/elbv2.k8s.aws/cluster\": \"false\"\n        }\n      }\n    },\n    {\n      \"Sid\": \"\",\n      \"Effect\": \"Allow\",\n      \"Action\": [\n        \"elasticloadbalancing:DeleteRule\",\n        \"elasticloadbalancing:DeleteListener\",\n        \"elasticloadbalancing:CreateRule\",\n        \"elasticloadbalancing:CreateListener\"\n      ],\n      \"Resource\": \"*\"\n    },\n    {\n      \"Sid\": \"\",\n      \"Effect\": \"Allow\",\n      \"Action\": [\n        \"elasticloadbalancing:RemoveTags\",\n        \"elasticloadbalancing:AddTags\"\n      ],\n      \"Resource\": [\n        \"arn:aws:elasticloadbalancing:*:*:targetgroup/*/*\",\n        \"arn:aws:elasticloadbalancing:*:*:loadbalancer/net/*/*\",\n        \"arn:aws:elasticloadbalancing:*:*:loadbalancer/app/*/*\"\n      ],\n      \"Condition\": {\n        \"Null\": {\n          \"aws:RequestTag/elbv2.k8s.aws/cluster\": \"true\",\n          \"aws:ResourceTag/elbv2.k8s.aws/cluster\": \"false\"\n        }\n      }\n    },\n    {\n      \"Sid\": \"\",\n      \"Effect\": \"Allow\",\n      \"Action\": [\n        \"elasticloadbalancing:SetSubnets\",\n        \"elasticloadbalancing:SetSecurityGroups\",\n        \"elasticloadbalancing:SetIpAddressType\",\n        \"elasticloadbalancing:ModifyTargetGroupAttributes\",\n        \"elasticloadbalancing:ModifyTargetGroup\",\n        \"elasticloadbalancing:ModifyLoadBalancerAttributes\",\n        \"elasticloadbalancing:DeleteTargetGroup\",\n        \"elasticloadbalancing:DeleteLoadBalancer\"\n      ],\n      \"Resource\": \"*\",\n      \"Condition\": {\n        \"Null\": {\n          \"aws:ResourceTag/elbv2.k8s.aws/cluster\": \"false\"\n        }\n      }\n    },\n    {\n      \"Sid\": \"\",\n      \"Effect\": \"Allow\",\n      \"Action\": [\n        \"elasticloadbalancing:RegisterTargets\",\n        \"elasticloadbalancing:DeregisterTargets\"\n      ],\n      \"Resource\": \"arn:aws:elasticloadbalancing:*:*:targetgroup/*/*\"\n    },\n    {\n      \"Sid\": \"\",\n      \"Effect\": \"Allow\",\n      \"Action\": [\n        \"elasticloadbalancing:SetWebAcl\",\n        \"elasticloadbalancing:RemoveListenerCertificates\",\n        \"elasticloadbalancing:ModifyRule\",\n        \"elasticloadbalancing:ModifyListener\",\n        \"elasticloadbalancing:AddListenerCertificates\"\n      ],\n      \"Resource\": \"*\"\n    }\n  ]\n}",
            "override_json": null,
            "override_policy_documents": null,
            "policy_id": null,
            "source_json": null,
            "source_policy_documents": null,
            "statement": [
              {
                "actions": [
                  "ec2:DescribeAccountAttributes",
                  "ec2:DescribeAddresses",
                  "ec2:DescribeAvailabilityZones",
                  "ec2:DescribeCoipPools",
                  "ec2:DescribeInstances",
                  "ec2:DescribeInternetGateways",
                  "ec2:DescribeNetworkInterfaces",
                  "ec2:DescribeSecurityGroups",
                  "ec2:DescribeSubnets",
                  "ec2:DescribeTags",
                  "ec2:DescribeVpcs",
                  "ec2:GetCoipPoolUsage",
                  "elasticloadbalancing:DescribeListenerCertificates",
                  "elasticloadbalancing:DescribeListeners",
                  "elasticloadbalancing:DescribeLoadBalancerAttributes",
                  "elasticloadbalancing:DescribeLoadBalancers",
                  "elasticloadbalancing:DescribeRules",
                  "elasticloadbalancing:DescribeSSLPolicies",
                  "elasticloadbalancing:DescribeTags",
                  "elasticloadbalancing:DescribeTargetGroupAttributes",
                  "elasticloadbalancing:DescribeTargetGroups",
                  "elasticloadbalancing:DescribeTargetHealth",
                  "iam:CreateServiceLinkedRole"
                ],
                "condition": [],
                "effect": "Allow",
                "not_actions": [],
                "not_principals": [],
                "not_resources": [],
                "principals": [],
                "resources": [
                  "*"
                ],
                "sid": ""
              },
              {
                "actions": [
                  "acm:DescribeCertificate",
                  "acm:ListCertificates",
                  "cognito-idp:DescribeUserPoolClient",
                  "iam:GetServerCertificate",
                  "iam:ListServerCertificates",
                  "shield:CreateProtection",
                  "shield:DeleteProtection",
                  "shield:DescribeProtection",
                  "shield:GetSubscriptionState",
                  "waf-regional:AssociateWebACL",
                  "waf-regional:DisassociateWebACL",
                  "waf-regional:GetWebACL",
                  "waf-regional:GetWebACLForResource",
                  "wafv2:AssociateWebACL",
                  "wafv2:DisassociateWebACL",
                  "wafv2:GetWebACL",
                  "wafv2:GetWebACLForResource"
                ],
                "condition": [],
                "effect": "Allow",
                "not_actions": [],
                "not_principals": [],
                "not_resources": [],
                "principals": [],
                "resources": [
                  "*"
                ],
                "sid": ""
              },
              {
                "actions": [
                  "ec2:AuthorizeSecurityGroupIngress",
                  "ec2:RevokeSecurityGroupIngress"
                ],
                "condition": [],
                "effect": "Allow",
                "not_actions": [],
                "not_principals": [],
                "not_resources": [],
                "principals": [],
                "resources": [
                  "*"
                ],
                "sid": ""
              },
              {
                "actions": [
                  "ec2:CreateSecurityGroup"
                ],
                "condition": [],
                "effect": "Allow",
                "not_actions": [],
                "not_principals": [],
                "not_resources": [],
                "principals": [],
                "resources": [
                  "*"
                ],
                "sid": ""
              },
              {
                "actions": [
                  "ec2:CreateTags"
                ],
                "condition": [
                  {
                    "test": "Null",
                    "values": [
                      "false"
                    ],
                    "variable": "aws:RequestTag/elbv2.k8s.aws/cluster"
                  },
                  {
                    "test": "StringEquals",
                    "values": [
                      "CreateSecurityGroup"
                    ],
                    "variable": "ec2:CreateAction"
                  }
                ],
                "effect": "Allow",
                "not_actions": [],
                "not_principals": [],
                "not_resources": [],
                "principals": [],
                "resources": [
                  "arn:aws:ec2:*:*:security-group/*"
                ],
                "sid": ""
              },
              {
                "actions": [
                  "ec2:CreateTags",
                  "ec2:DeleteTags"
                ],
                "condition": [
                  {
                    "test": "Null",
                    "values": [
                      "false"
                    ],
                    "variable": "aws:ResourceTag/ingress.k8s.aws/cluster"
                  }
                ],
                "effect": "Allow",
                "not_actions": [],
                "not_principals": [],
                "not_resources": [],
                "principals": [],
                "resources": [
                  "arn:aws:ec2:*:*:security-group/*"
                ],
                "sid": ""
              },
              {
                "actions": [
                  "elasticloadbalancing:AddTags",
                  "elasticloadbalancing:DeleteTargetGroup",
                  "elasticloadbalancing:RemoveTags"
                ],
                "condition": [
                  {
                    "test": "Null",
                    "values": [
                      "false"
                    ],
                    "variable": "aws:ResourceTag/ingress.k8s.aws/cluster"
                  }
                ],
                "effect": "Allow",
                "not_actions": [],
                "not_principals": [],
                "not_resources": [],
                "principals": [],
                "resources": [
                  "arn:aws:elasticloadbalancing:*:*:loadbalancer/app/*/*",
                  "arn:aws:elasticloadbalancing:*:*:loadbalancer/net/*/*",
                  "arn:aws:elasticloadbalancing:*:*:targetgroup/*/*"
                ],
                "sid": ""
              },
              {
                "actions": [
                  "ec2:CreateTags",
                  "ec2:DeleteTags"
                ],
                "condition": [
                  {
                    "test": "Null",
                    "values": [
                      "false"
                    ],
                    "variable": "aws:ResourceTag/elbv2.k8s.aws/cluster"
                  },
                  {
                    "test": "Null",
                    "values": [
                      "true"
                    ],
                    "variable": "aws:RequestTag/elbv2.k8s.aws/cluster"
                  }
                ],
                "effect": "Allow",
                "not_actions": [],
                "not_principals": [],
                "not_resources": [],
                "principals": [],
                "resources": [
                  "arn:aws:ec2:*:*:security-group/*"
                ],
                "sid": ""
              },
              {
                "actions": [
                  "ec2:AuthorizeSecurityGroupIngress",
                  "ec2:DeleteSecurityGroup",
                  "ec2:RevokeSecurityGroupIngress"
                ],
                "condition": [
                  {
                    "test": "Null",
                    "values": [
                      "false"
                    ],
                    "variable": "aws:ResourceTag/elbv2.k8s.aws/cluster"
                  }
                ],
                "effect": "Allow",
                "not_actions": [],
                "not_principals": [],
                "not_resources": [],
                "principals": [],
                "resources": [
                  "*"
                ],
                "sid": ""
              },
              {
                "actions": [
                  "elasticloadbalancing:CreateLoadBalancer",
                  "elasticloadbalancing:CreateTargetGroup"
                ],
                "condition": [
                  {
                    "test": "Null",
                    "values": [
                      "false"
                    ],
                    "variable": "aws:RequestTag/elbv2.k8s.aws/cluster"
                  }
                ],
                "effect": "Allow",
                "not_actions": [],
                "not_principals": [],
                "not_resources": [],
                "principals": [],
                "resources": [
                  "*"
                ],
                "sid": ""
              },
              {
                "actions": [
                  "elasticloadbalancing:CreateListener",
                  "elasticloadbalancing:CreateRule",
                  "elasticloadbalancing:DeleteListener",
                  "elasticloadbalancing:DeleteRule"
                ],
                "condition": [],
                "effect": "Allow",
                "not_actions": [],
                "not_principals": [],
                "not_resources": [],
                "principals": [],
                "resources": [
                  "*"
                ],
                "sid": ""
              },
              {
                "actions": [
                  "elasticloadbalancing:AddTags",
                  "elasticloadbalancing:RemoveTags"
                ],
                "condition": [
                  {
                    "test": "Null",
                    "values": [
                      "false"
                    ],
                    "variable": "aws:ResourceTag/elbv2.k8s.aws/cluster"
                  },
                  {
                    "test": "Null",
                    "values": [
                      "true"
                    ],
                    "variable": "aws:RequestTag/elbv2.k8s.aws/cluster"
                  }
                ],
                "effect": "Allow",
                "not_actions": [],
                "not_principals": [],
                "not_resources": [],
                "principals": [],
                "resources": [
                  "arn:aws:elasticloadbalancing:*:*:loadbalancer/app/*/*",
                  "arn:aws:elasticloadbalancing:*:*:loadbalancer/net/*/*",
                  "arn:aws:elasticloadbalancing:*:*:targetgroup/*/*"
                ],
                "sid": ""
              },
              {
                "actions": [
                  "elasticloadbalancing:DeleteLoadBalancer",
                  "elasticloadbalancing:DeleteTargetGroup",
                  "elasticloadbalancing:ModifyLoadBalancerAttributes",
                  "elasticloadbalancing:ModifyTargetGroup",
                  "elasticloadbalancing:ModifyTargetGroupAttributes",
                  "elasticloadbalancing:SetIpAddressType",
                  "elasticloadbalancing:SetSecurityGroups",
                  "elasticloadbalancing:SetSubnets"
                ],
                "condition": [
                  {
                    "test": "Null",
                    "values": [
                      "false"
                    ],
                    "variable": "aws:ResourceTag/elbv2.k8s.aws/cluster"
                  }
                ],
                "effect": "Allow",
                "not_actions": [],
                "not_principals": [],
                "not_resources": [],
                "principals": [],
                "resources": [
                  "*"
                ],
                "sid": ""
              },
              {
                "actions": [
                  "elasticloadbalancing:DeregisterTargets",
                  "elasticloadbalancing:RegisterTargets"
                ],
                "condition": [],
                "effect": "Allow",
                "not_actions": [],
                "not_principals": [],
                "not_resources": [],
                "principals": [],
                "resources": [
                  "arn:aws:elasticloadbalancing:*:*:targetgroup/*/*"
                ],
                "sid": ""
              },
              {
                "actions": [
                  "elasticloadbalancing:AddListenerCertificates",
                  "elasticloadbalancing:ModifyListener",
                  "elasticloadbalancing:ModifyRule",
                  "elasticloadbalancing:RemoveListenerCertificates",
                  "elasticloadbalancing:SetWebAcl"
                ],
                "condition": [],
                "effect": "Allow",
                "not_actions": [],
                "not_principals": [],
                "not_resources": [],
                "principals": [],
                "resources": [
                  "*"
                ],
                "sid": ""
              }
            ],
            "version": "2012-10-17"
          },
          "sensitive_attributes": []
        }
      ]
    },
    {
      "module": "module.kubernetes-addons.module.aws_load_balancer_controller[0]",
      "mode": "managed",
      "type": "aws_iam_policy",
      "name": "aws_load_balancer_controller",
      "provider": "provider[\"registry.terraform.io/hashicorp/aws\"]",
      "instances": [
        {
          "schema_version": 0,
          "attributes": {
            "arn": "arn:aws:iam::214067368354:policy/aws001-preprod-dev-eks-lb-controller-irsa",
            "description": "Allows lb controller to manage ALB and NLB",
            "id": "arn:aws:iam::214067368354:policy/aws001-preprod-dev-eks-lb-controller-irsa",
            "name": "aws001-preprod-dev-eks-lb-controller-irsa",
            "name_prefix": null,
            "path": "/",
            "policy": "{\"Statement\":[{\"Action\":[\"iam:CreateServiceLinkedRole\",\"elasticloadbalancing:DescribeTargetHealth\",\"elasticloadbalancing:DescribeTargetGroups\",\"elasticloadbalancing:DescribeTargetGroupAttributes\",\"elasticloadbalancing:DescribeTags\",\"elasticloadbalancing:DescribeSSLPolicies\",\"elasticloadbalancing:DescribeRules\",\"elasticloadbalancing:DescribeLoadBalancers\",\"elasticloadbalancing:DescribeLoadBalancerAttributes\",\"elasticloadbalancing:DescribeListeners\",\"elasticloadbalancing:DescribeListenerCertificates\",\"ec2:GetCoipPoolUsage\",\"ec2:DescribeVpcs\",\"ec2:DescribeTags\",\"ec2:DescribeSubnets\",\"ec2:DescribeSecurityGroups\",\"ec2:DescribeNetworkInterfaces\",\"ec2:DescribeInternetGateways\",\"ec2:DescribeInstances\",\"ec2:DescribeCoipPools\",\"ec2:DescribeAvailabilityZones\",\"ec2:DescribeAddresses\",\"ec2:DescribeAccountAttributes\"],\"Effect\":\"Allow\",\"Resource\":\"*\",\"Sid\":\"\"},{\"Action\":[\"wafv2:GetWebACLForResource\",\"wafv2:GetWebACL\",\"wafv2:DisassociateWebACL\",\"wafv2:AssociateWebACL\",\"waf-regional:GetWebACLForResource\",\"waf-regional:GetWebACL\",\"waf-regional:DisassociateWebACL\",\"waf-regional:AssociateWebACL\",\"shield:GetSubscriptionState\",\"shield:DescribeProtection\",\"shield:DeleteProtection\",\"shield:CreateProtection\",\"iam:ListServerCertificates\",\"iam:GetServerCertificate\",\"cognito-idp:DescribeUserPoolClient\",\"acm:ListCertificates\",\"acm:DescribeCertificate\"],\"Effect\":\"Allow\",\"Resource\":\"*\",\"Sid\":\"\"},{\"Action\":[\"ec2:RevokeSecurityGroupIngress\",\"ec2:AuthorizeSecurityGroupIngress\"],\"Effect\":\"Allow\",\"Resource\":\"*\",\"Sid\":\"\"},{\"Action\":\"ec2:CreateSecurityGroup\",\"Effect\":\"Allow\",\"Resource\":\"*\",\"Sid\":\"\"},{\"Action\":\"ec2:CreateTags\",\"Condition\":{\"Null\":{\"aws:RequestTag/elbv2.k8s.aws/cluster\":\"false\"},\"StringEquals\":{\"ec2:CreateAction\":\"CreateSecurityGroup\"}},\"Effect\":\"Allow\",\"Resource\":\"arn:aws:ec2:*:*:security-group/*\",\"Sid\":\"\"},{\"Action\":[\"ec2:DeleteTags\",\"ec2:CreateTags\"],\"Condition\":{\"Null\":{\"aws:ResourceTag/ingress.k8s.aws/cluster\":\"false\"}},\"Effect\":\"Allow\",\"Resource\":\"arn:aws:ec2:*:*:security-group/*\",\"Sid\":\"\"},{\"Action\":[\"elasticloadbalancing:RemoveTags\",\"elasticloadbalancing:DeleteTargetGroup\",\"elasticloadbalancing:AddTags\"],\"Condition\":{\"Null\":{\"aws:ResourceTag/ingress.k8s.aws/cluster\":\"false\"}},\"Effect\":\"Allow\",\"Resource\":[\"arn:aws:elasticloadbalancing:*:*:targetgroup/*/*\",\"arn:aws:elasticloadbalancing:*:*:loadbalancer/net/*/*\",\"arn:aws:elasticloadbalancing:*:*:loadbalancer/app/*/*\"],\"Sid\":\"\"},{\"Action\":[\"ec2:DeleteTags\",\"ec2:CreateTags\"],\"Condition\":{\"Null\":{\"aws:RequestTag/elbv2.k8s.aws/cluster\":\"true\",\"aws:ResourceTag/elbv2.k8s.aws/cluster\":\"false\"}},\"Effect\":\"Allow\",\"Resource\":\"arn:aws:ec2:*:*:security-group/*\",\"Sid\":\"\"},{\"Action\":[\"ec2:RevokeSecurityGroupIngress\",\"ec2:DeleteSecurityGroup\",\"ec2:AuthorizeSecurityGroupIngress\"],\"Condition\":{\"Null\":{\"aws:ResourceTag/elbv2.k8s.aws/cluster\":\"false\"}},\"Effect\":\"Allow\",\"Resource\":\"*\",\"Sid\":\"\"},{\"Action\":[\"elasticloadbalancing:CreateTargetGroup\",\"elasticloadbalancing:CreateLoadBalancer\"],\"Condition\":{\"Null\":{\"aws:RequestTag/elbv2.k8s.aws/cluster\":\"false\"}},\"Effect\":\"Allow\",\"Resource\":\"*\",\"Sid\":\"\"},{\"Action\":[\"elasticloadbalancing:DeleteRule\",\"elasticloadbalancing:DeleteListener\",\"elasticloadbalancing:CreateRule\",\"elasticloadbalancing:CreateListener\"],\"Effect\":\"Allow\",\"Resource\":\"*\",\"Sid\":\"\"},{\"Action\":[\"elasticloadbalancing:RemoveTags\",\"elasticloadbalancing:AddTags\"],\"Condition\":{\"Null\":{\"aws:RequestTag/elbv2.k8s.aws/cluster\":\"true\",\"aws:ResourceTag/elbv2.k8s.aws/cluster\":\"false\"}},\"Effect\":\"Allow\",\"Resource\":[\"arn:aws:elasticloadbalancing:*:*:targetgroup/*/*\",\"arn:aws:elasticloadbalancing:*:*:loadbalancer/net/*/*\",\"arn:aws:elasticloadbalancing:*:*:loadbalancer/app/*/*\"],\"Sid\":\"\"},{\"Action\":[\"elasticloadbalancing:SetSubnets\",\"elasticloadbalancing:SetSecurityGroups\",\"elasticloadbalancing:SetIpAddressType\",\"elasticloadbalancing:ModifyTargetGroupAttributes\",\"elasticloadbalancing:ModifyTargetGroup\",\"elasticloadbalancing:ModifyLoadBalancerAttributes\",\"elasticloadbalancing:DeleteTargetGroup\",\"elasticloadbalancing:DeleteLoadBalancer\"],\"Condition\":{\"Null\":{\"aws:ResourceTag/elbv2.k8s.aws/cluster\":\"false\"}},\"Effect\":\"Allow\",\"Resource\":\"*\",\"Sid\":\"\"},{\"Action\":[\"elasticloadbalancing:RegisterTargets\",\"elasticloadbalancing:DeregisterTargets\"],\"Effect\":\"Allow\",\"Resource\":\"arn:aws:elasticloadbalancing:*:*:targetgroup/*/*\",\"Sid\":\"\"},{\"Action\":[\"elasticloadbalancing:SetWebAcl\",\"elasticloadbalancing:RemoveListenerCertificates\",\"elasticloadbalancing:ModifyRule\",\"elasticloadbalancing:ModifyListener\",\"elasticloadbalancing:AddListenerCertificates\"],\"Effect\":\"Allow\",\"Resource\":\"*\",\"Sid\":\"\"}],\"Version\":\"2012-10-17\"}",
            "policy_id": "ANPATDV3I2GRLFE2DD2IL",
            "tags": null,
            "tags_all": {}
          },
          "sensitive_attributes": [],
          "private": "bnVsbA==",
          "dependencies": [
            "data.aws_availability_zones.available",
            "module.aws-eks-accelerator-for-terraform.data.aws_iam_policy_document.eks_key",
            "module.aws-eks-accelerator-for-terraform.module.aws_eks.aws_cloudwatch_log_group.this",
            "module.aws-eks-accelerator-for-terraform.module.aws_eks.aws_eks_cluster.this",
            "module.aws-eks-accelerator-for-terraform.module.aws_eks.aws_iam_role.cluster",
            "module.aws-eks-accelerator-for-terraform.module.aws_eks.aws_iam_role_policy_attachment.cluster_AmazonEKSClusterPolicy",
            "module.aws-eks-accelerator-for-terraform.module.aws_eks.aws_iam_role_policy_attachment.cluster_AmazonEKSServicePolicy",
            "module.aws-eks-accelerator-for-terraform.module.aws_eks.aws_iam_role_policy_attachment.cluster_AmazonEKSVPCResourceControllerPolicy",
            "module.aws-eks-accelerator-for-terraform.module.aws_eks.aws_security_group.cluster",
            "module.aws-eks-accelerator-for-terraform.module.aws_eks.aws_security_group.workers",
            "module.aws-eks-accelerator-for-terraform.module.aws_eks.aws_security_group_rule.cluster_egress_internet",
            "module.aws-eks-accelerator-for-terraform.module.aws_eks.aws_security_group_rule.cluster_https_worker_ingress",
            "module.aws-eks-accelerator-for-terraform.module.aws_eks.data.aws_iam_policy_document.cluster_assume_role_policy",
            "module.aws-eks-accelerator-for-terraform.module.aws_eks.data.aws_iam_role.custom_cluster_iam_role",
            "module.aws-eks-accelerator-for-terraform.module.aws_eks.data.aws_partition.current",
            "module.aws-eks-accelerator-for-terraform.module.aws_eks.data.http.wait_for_cluster",
            "module.aws-eks-accelerator-for-terraform.module.kms.aws_kms_key.this",
            "module.aws_vpc.aws_subnet.private",
            "module.aws_vpc.aws_vpc.this",
            "module.aws_vpc.aws_vpc_ipv4_cidr_block_association.this",
            "module.kubernetes-addons.data.aws_caller_identity.current",
            "module.kubernetes-addons.data.aws_eks_cluster.eks_cluster",
            "module.kubernetes-addons.data.aws_partition.current",
            "module.kubernetes-addons.data.aws_region.current",
            "module.kubernetes-addons.module.aws_load_balancer_controller.data.aws_iam_policy_document.aws_lb"
          ]
        }
      ]
    },
    {
      "module": "module.kubernetes-addons.module.aws_load_balancer_controller[0].module.helm_addon.module.irsa[0]",
      "mode": "managed",
      "type": "aws_iam_role",
      "name": "irsa",
      "provider": "provider[\"registry.terraform.io/hashicorp/aws\"]",
      "instances": [
        {
          "index_key": 0,
          "schema_version": 0,
          "attributes": {
            "arn": "arn:aws:iam::214067368354:role/aws001-preprod-dev-eks-aws-load-balancer-controller-sa-irsa",
            "assume_role_policy": "{\"Version\":\"2012-10-17\",\"Statement\":[{\"Effect\":\"Allow\",\"Principal\":{\"Federated\":\"arn:aws:iam::214067368354:oidc-provider/oidc.eks.ap-southeast-1.amazonaws.com/id/501C1F9F4822C89897210D33F536FE3F\"},\"Action\":\"sts:AssumeRoleWithWebIdentity\",\"Condition\":{\"StringLike\":{\"oidc.eks.ap-southeast-1.amazonaws.com/id/501C1F9F4822C89897210D33F536FE3F:sub\":\"system:serviceaccount:kube-system:aws-load-balancer-controller-sa\"}}}]}",
            "create_date": "2022-03-15T17:02:36Z",
            "description": "AWS IAM Role for the Kubernetes service account aws-load-balancer-controller-sa.",
            "force_detach_policies": true,
            "id": "aws001-preprod-dev-eks-aws-load-balancer-controller-sa-irsa",
            "inline_policy": [
              {
                "name": "",
                "policy": ""
              }
            ],
            "managed_policy_arns": [],
            "max_session_duration": 3600,
            "name": "aws001-preprod-dev-eks-aws-load-balancer-controller-sa-irsa",
            "name_prefix": "",
            "path": "/",
            "permissions_boundary": "",
            "tags": {
              "Name": "aws001-preprod-dev-eks-aws-load-balancer-controller-sa-irsa",
              "app.kubernetes.io/managed-by": "terraform-ssp-amazon-eks"
            },
            "tags_all": {
              "Name": "aws001-preprod-dev-eks-aws-load-balancer-controller-sa-irsa",
              "app.kubernetes.io/managed-by": "terraform-ssp-amazon-eks"
            },
            "unique_id": "AROATDV3I2GRPOTNS7G4K"
          },
          "sensitive_attributes": [],
          "private": "bnVsbA==",
          "dependencies": [
            "data.aws_availability_zones.available",
            "module.aws-eks-accelerator-for-terraform.data.aws_iam_policy_document.eks_key",
            "module.aws-eks-accelerator-for-terraform.module.aws_eks.aws_cloudwatch_log_group.this",
            "module.aws-eks-accelerator-for-terraform.module.aws_eks.aws_eks_cluster.this",
            "module.aws-eks-accelerator-for-terraform.module.aws_eks.aws_iam_role.cluster",
            "module.aws-eks-accelerator-for-terraform.module.aws_eks.aws_iam_role_policy_attachment.cluster_AmazonEKSClusterPolicy",
            "module.aws-eks-accelerator-for-terraform.module.aws_eks.aws_iam_role_policy_attachment.cluster_AmazonEKSServicePolicy",
            "module.aws-eks-accelerator-for-terraform.module.aws_eks.aws_iam_role_policy_attachment.cluster_AmazonEKSVPCResourceControllerPolicy",
            "module.aws-eks-accelerator-for-terraform.module.aws_eks.aws_security_group.cluster",
            "module.aws-eks-accelerator-for-terraform.module.aws_eks.aws_security_group.workers",
            "module.aws-eks-accelerator-for-terraform.module.aws_eks.aws_security_group_rule.cluster_egress_internet",
            "module.aws-eks-accelerator-for-terraform.module.aws_eks.aws_security_group_rule.cluster_https_worker_ingress",
            "module.aws-eks-accelerator-for-terraform.module.aws_eks.data.aws_iam_policy_document.cluster_assume_role_policy",
            "module.aws-eks-accelerator-for-terraform.module.aws_eks.data.aws_iam_role.custom_cluster_iam_role",
            "module.aws-eks-accelerator-for-terraform.module.aws_eks.data.aws_partition.current",
            "module.aws-eks-accelerator-for-terraform.module.aws_eks.data.http.wait_for_cluster",
            "module.aws-eks-accelerator-for-terraform.module.kms.aws_kms_key.this",
            "module.aws_vpc.aws_subnet.private",
            "module.aws_vpc.aws_vpc.this",
            "module.aws_vpc.aws_vpc_ipv4_cidr_block_association.this",
            "module.kubernetes-addons.data.aws_caller_identity.current",
            "module.kubernetes-addons.data.aws_eks_cluster.eks_cluster",
            "module.kubernetes-addons.data.aws_partition.current",
            "module.kubernetes-addons.data.aws_region.current",
            "module.kubernetes-addons.module.aws_load_balancer_controller.aws_iam_policy.aws_load_balancer_controller",
            "module.kubernetes-addons.module.aws_load_balancer_controller.data.aws_iam_policy_document.aws_lb"
          ]
        }
      ]
    },
    {
      "module": "module.kubernetes-addons.module.aws_load_balancer_controller[0].module.helm_addon.module.irsa[0]",
      "mode": "managed",
      "type": "aws_iam_role_policy_attachment",
      "name": "irsa",
      "provider": "provider[\"registry.terraform.io/hashicorp/aws\"]",
      "instances": [
        {
          "index_key": 0,
          "schema_version": 0,
          "attributes": {
            "id": "aws001-preprod-dev-eks-aws-load-balancer-controller-sa-irsa-20220315170238031600000010",
            "policy_arn": "arn:aws:iam::214067368354:policy/aws001-preprod-dev-eks-lb-controller-irsa",
            "role": "aws001-preprod-dev-eks-aws-load-balancer-controller-sa-irsa"
          },
          "sensitive_attributes": [],
          "private": "bnVsbA==",
          "dependencies": [
            "data.aws_availability_zones.available",
            "module.aws-eks-accelerator-for-terraform.data.aws_iam_policy_document.eks_key",
            "module.aws-eks-accelerator-for-terraform.module.aws_eks.aws_cloudwatch_log_group.this",
            "module.aws-eks-accelerator-for-terraform.module.aws_eks.aws_eks_cluster.this",
            "module.aws-eks-accelerator-for-terraform.module.aws_eks.aws_iam_role.cluster",
            "module.aws-eks-accelerator-for-terraform.module.aws_eks.aws_iam_role_policy_attachment.cluster_AmazonEKSClusterPolicy",
            "module.aws-eks-accelerator-for-terraform.module.aws_eks.aws_iam_role_policy_attachment.cluster_AmazonEKSServicePolicy",
            "module.aws-eks-accelerator-for-terraform.module.aws_eks.aws_iam_role_policy_attachment.cluster_AmazonEKSVPCResourceControllerPolicy",
            "module.aws-eks-accelerator-for-terraform.module.aws_eks.aws_security_group.cluster",
            "module.aws-eks-accelerator-for-terraform.module.aws_eks.aws_security_group.workers",
            "module.aws-eks-accelerator-for-terraform.module.aws_eks.aws_security_group_rule.cluster_egress_internet",
            "module.aws-eks-accelerator-for-terraform.module.aws_eks.aws_security_group_rule.cluster_https_worker_ingress",
            "module.aws-eks-accelerator-for-terraform.module.aws_eks.data.aws_iam_policy_document.cluster_assume_role_policy",
            "module.aws-eks-accelerator-for-terraform.module.aws_eks.data.aws_iam_role.custom_cluster_iam_role",
            "module.aws-eks-accelerator-for-terraform.module.aws_eks.data.aws_partition.current",
            "module.aws-eks-accelerator-for-terraform.module.aws_eks.data.http.wait_for_cluster",
            "module.aws-eks-accelerator-for-terraform.module.kms.aws_kms_key.this",
            "module.aws_vpc.aws_subnet.private",
            "module.aws_vpc.aws_vpc.this",
            "module.aws_vpc.aws_vpc_ipv4_cidr_block_association.this",
            "module.kubernetes-addons.data.aws_caller_identity.current",
            "module.kubernetes-addons.data.aws_eks_cluster.eks_cluster",
            "module.kubernetes-addons.data.aws_partition.current",
            "module.kubernetes-addons.data.aws_region.current",
            "module.kubernetes-addons.module.aws_load_balancer_controller.aws_iam_policy.aws_load_balancer_controller",
            "module.kubernetes-addons.module.aws_load_balancer_controller.data.aws_iam_policy_document.aws_lb",
            "module.kubernetes-addons.module.aws_load_balancer_controller.module.helm_addon.module.irsa.aws_iam_role.irsa"
          ]
        }
      ]
    },
    {
      "module": "module.kubernetes-addons.module.aws_vpc_cni[0]",
      "mode": "managed",
      "type": "aws_eks_addon",
      "name": "vpc_cni",
      "provider": "provider[\"registry.terraform.io/hashicorp/aws\"]",
      "instances": [
        {
          "schema_version": 0,
          "attributes": {
            "addon_name": "vpc-cni",
            "addon_version": "v1.10.1-eksbuild.1",
            "arn": "arn:aws:eks:ap-southeast-1:214067368354:addon/aws001-preprod-dev-eks/vpc-cni/a4bfc744-0af1-fe38-05f5-a2379e4047ca",
            "cluster_name": "aws001-preprod-dev-eks",
            "created_at": "2022-03-15T17:02:37Z",
            "id": "aws001-preprod-dev-eks:vpc-cni",
            "modified_at": "2022-03-15T17:02:38Z",
            "resolve_conflicts": "OVERWRITE",
            "service_account_role_arn": "arn:aws:iam::214067368354:role/aws001-preprod-dev-eks-aws-node-irsa",
            "tags": {
              "eks_addon": "vpc-cni"
            },
            "tags_all": {
              "eks_addon": "vpc-cni"
            }
          },
          "sensitive_attributes": [],
          "private": "bnVsbA==",
          "dependencies": [
            "data.aws_availability_zones.available",
            "module.aws-eks-accelerator-for-terraform.data.aws_iam_policy_document.eks_key",
            "module.aws-eks-accelerator-for-terraform.module.aws_eks.aws_cloudwatch_log_group.this",
            "module.aws-eks-accelerator-for-terraform.module.aws_eks.aws_eks_cluster.this",
            "module.aws-eks-accelerator-for-terraform.module.aws_eks.aws_iam_role.cluster",
            "module.aws-eks-accelerator-for-terraform.module.aws_eks.aws_iam_role_policy_attachment.cluster_AmazonEKSClusterPolicy",
            "module.aws-eks-accelerator-for-terraform.module.aws_eks.aws_iam_role_policy_attachment.cluster_AmazonEKSServicePolicy",
            "module.aws-eks-accelerator-for-terraform.module.aws_eks.aws_iam_role_policy_attachment.cluster_AmazonEKSVPCResourceControllerPolicy",
            "module.aws-eks-accelerator-for-terraform.module.aws_eks.aws_security_group.cluster",
            "module.aws-eks-accelerator-for-terraform.module.aws_eks.aws_security_group.workers",
            "module.aws-eks-accelerator-for-terraform.module.aws_eks.aws_security_group_rule.cluster_egress_internet",
            "module.aws-eks-accelerator-for-terraform.module.aws_eks.aws_security_group_rule.cluster_https_worker_ingress",
            "module.aws-eks-accelerator-for-terraform.module.aws_eks.data.aws_iam_policy_document.cluster_assume_role_policy",
            "module.aws-eks-accelerator-for-terraform.module.aws_eks.data.aws_iam_role.custom_cluster_iam_role",
            "module.aws-eks-accelerator-for-terraform.module.aws_eks.data.aws_partition.current",
            "module.aws-eks-accelerator-for-terraform.module.aws_eks.data.http.wait_for_cluster",
            "module.aws-eks-accelerator-for-terraform.module.kms.aws_kms_key.this",
            "module.aws_vpc.aws_subnet.private",
            "module.aws_vpc.aws_vpc.this",
            "module.aws_vpc.aws_vpc_ipv4_cidr_block_association.this",
            "module.kubernetes-addons.data.aws_caller_identity.current",
            "module.kubernetes-addons.data.aws_eks_cluster.eks_cluster",
            "module.kubernetes-addons.data.aws_partition.current",
            "module.kubernetes-addons.data.aws_region.current",
            "module.kubernetes-addons.module.aws_vpc_cni.module.irsa_addon.aws_iam_role.irsa",
            "module.kubernetes-addons.module.aws_vpc_cni.module.irsa_addon.aws_iam_role_policy_attachment.irsa",
            "module.kubernetes-addons.module.aws_vpc_cni.module.irsa_addon.kubernetes_namespace_v1.irsa",
            "module.kubernetes-addons.module.aws_vpc_cni.module.irsa_addon.kubernetes_service_account_v1.irsa"
          ]
        }
      ]
    },
    {
      "module": "module.kubernetes-addons.module.aws_vpc_cni[0].module.irsa_addon",
      "mode": "managed",
      "type": "aws_iam_role",
      "name": "irsa",
      "provider": "provider[\"registry.terraform.io/hashicorp/aws\"]",
      "instances": [
        {
          "index_key": 0,
          "schema_version": 0,
          "attributes": {
            "arn": "arn:aws:iam::214067368354:role/aws001-preprod-dev-eks-aws-node-irsa",
            "assume_role_policy": "{\"Version\":\"2012-10-17\",\"Statement\":[{\"Effect\":\"Allow\",\"Principal\":{\"Federated\":\"arn:aws:iam::214067368354:oidc-provider/oidc.eks.ap-southeast-1.amazonaws.com/id/501C1F9F4822C89897210D33F536FE3F\"},\"Action\":\"sts:AssumeRoleWithWebIdentity\",\"Condition\":{\"StringLike\":{\"oidc.eks.ap-southeast-1.amazonaws.com/id/501C1F9F4822C89897210D33F536FE3F:sub\":\"system:serviceaccount:kube-system:aws-node\"}}}]}",
            "create_date": "2022-03-15T17:02:35Z",
            "description": "AWS IAM Role for the Kubernetes service account aws-node.",
            "force_detach_policies": true,
            "id": "aws001-preprod-dev-eks-aws-node-irsa",
            "inline_policy": [
              {
                "name": "",
                "policy": ""
              }
            ],
            "managed_policy_arns": [],
            "max_session_duration": 3600,
            "name": "aws001-preprod-dev-eks-aws-node-irsa",
            "name_prefix": "",
            "path": "/",
            "permissions_boundary": "",
            "tags": {
              "Name": "aws001-preprod-dev-eks-aws-node-irsa",
              "app.kubernetes.io/managed-by": "terraform-ssp-amazon-eks"
            },
            "tags_all": {
              "Name": "aws001-preprod-dev-eks-aws-node-irsa",
              "app.kubernetes.io/managed-by": "terraform-ssp-amazon-eks"
            },
            "unique_id": "AROATDV3I2GRBZVVRXDCD"
          },
          "sensitive_attributes": [],
          "private": "bnVsbA==",
          "dependencies": [
            "data.aws_availability_zones.available",
            "module.aws-eks-accelerator-for-terraform.data.aws_iam_policy_document.eks_key",
            "module.aws-eks-accelerator-for-terraform.module.aws_eks.aws_cloudwatch_log_group.this",
            "module.aws-eks-accelerator-for-terraform.module.aws_eks.aws_eks_cluster.this",
            "module.aws-eks-accelerator-for-terraform.module.aws_eks.aws_iam_role.cluster",
            "module.aws-eks-accelerator-for-terraform.module.aws_eks.aws_iam_role_policy_attachment.cluster_AmazonEKSClusterPolicy",
            "module.aws-eks-accelerator-for-terraform.module.aws_eks.aws_iam_role_policy_attachment.cluster_AmazonEKSServicePolicy",
            "module.aws-eks-accelerator-for-terraform.module.aws_eks.aws_iam_role_policy_attachment.cluster_AmazonEKSVPCResourceControllerPolicy",
            "module.aws-eks-accelerator-for-terraform.module.aws_eks.aws_security_group.cluster",
            "module.aws-eks-accelerator-for-terraform.module.aws_eks.aws_security_group.workers",
            "module.aws-eks-accelerator-for-terraform.module.aws_eks.aws_security_group_rule.cluster_egress_internet",
            "module.aws-eks-accelerator-for-terraform.module.aws_eks.aws_security_group_rule.cluster_https_worker_ingress",
            "module.aws-eks-accelerator-for-terraform.module.aws_eks.data.aws_iam_policy_document.cluster_assume_role_policy",
            "module.aws-eks-accelerator-for-terraform.module.aws_eks.data.aws_iam_role.custom_cluster_iam_role",
            "module.aws-eks-accelerator-for-terraform.module.aws_eks.data.aws_partition.current",
            "module.aws-eks-accelerator-for-terraform.module.aws_eks.data.http.wait_for_cluster",
            "module.aws-eks-accelerator-for-terraform.module.kms.aws_kms_key.this",
            "module.aws_vpc.aws_subnet.private",
            "module.aws_vpc.aws_vpc.this",
            "module.aws_vpc.aws_vpc_ipv4_cidr_block_association.this",
            "module.kubernetes-addons.data.aws_caller_identity.current",
            "module.kubernetes-addons.data.aws_eks_cluster.eks_cluster",
            "module.kubernetes-addons.data.aws_partition.current",
            "module.kubernetes-addons.data.aws_region.current"
          ]
        }
      ]
    },
    {
      "module": "module.kubernetes-addons.module.aws_vpc_cni[0].module.irsa_addon",
      "mode": "managed",
      "type": "aws_iam_role_policy_attachment",
      "name": "irsa",
      "provider": "provider[\"registry.terraform.io/hashicorp/aws\"]",
      "instances": [
        {
          "index_key": 0,
          "schema_version": 0,
          "attributes": {
            "id": "aws001-preprod-dev-eks-aws-node-irsa-2022031517023721620000000d",
            "policy_arn": "arn:aws:iam::aws:policy/AmazonEKS_CNI_Policy",
            "role": "aws001-preprod-dev-eks-aws-node-irsa"
          },
          "sensitive_attributes": [],
          "private": "bnVsbA==",
          "dependencies": [
            "data.aws_availability_zones.available",
            "module.aws-eks-accelerator-for-terraform.data.aws_iam_policy_document.eks_key",
            "module.aws-eks-accelerator-for-terraform.module.aws_eks.aws_cloudwatch_log_group.this",
            "module.aws-eks-accelerator-for-terraform.module.aws_eks.aws_eks_cluster.this",
            "module.aws-eks-accelerator-for-terraform.module.aws_eks.aws_iam_role.cluster",
            "module.aws-eks-accelerator-for-terraform.module.aws_eks.aws_iam_role_policy_attachment.cluster_AmazonEKSClusterPolicy",
            "module.aws-eks-accelerator-for-terraform.module.aws_eks.aws_iam_role_policy_attachment.cluster_AmazonEKSServicePolicy",
            "module.aws-eks-accelerator-for-terraform.module.aws_eks.aws_iam_role_policy_attachment.cluster_AmazonEKSVPCResourceControllerPolicy",
            "module.aws-eks-accelerator-for-terraform.module.aws_eks.aws_security_group.cluster",
            "module.aws-eks-accelerator-for-terraform.module.aws_eks.aws_security_group.workers",
            "module.aws-eks-accelerator-for-terraform.module.aws_eks.aws_security_group_rule.cluster_egress_internet",
            "module.aws-eks-accelerator-for-terraform.module.aws_eks.aws_security_group_rule.cluster_https_worker_ingress",
            "module.aws-eks-accelerator-for-terraform.module.aws_eks.data.aws_iam_policy_document.cluster_assume_role_policy",
            "module.aws-eks-accelerator-for-terraform.module.aws_eks.data.aws_iam_role.custom_cluster_iam_role",
            "module.aws-eks-accelerator-for-terraform.module.aws_eks.data.aws_partition.current",
            "module.aws-eks-accelerator-for-terraform.module.aws_eks.data.http.wait_for_cluster",
            "module.aws-eks-accelerator-for-terraform.module.kms.aws_kms_key.this",
            "module.aws_vpc.aws_subnet.private",
            "module.aws_vpc.aws_vpc.this",
            "module.aws_vpc.aws_vpc_ipv4_cidr_block_association.this",
            "module.kubernetes-addons.data.aws_caller_identity.current",
            "module.kubernetes-addons.data.aws_eks_cluster.eks_cluster",
            "module.kubernetes-addons.data.aws_partition.current",
            "module.kubernetes-addons.data.aws_region.current",
            "module.kubernetes-addons.module.aws_vpc_cni.module.irsa_addon.aws_iam_role.irsa"
          ]
        }
      ]
    },
    {
      "module": "module.kubernetes-addons.module.cluster_autoscaler[0]",
      "mode": "data",
      "type": "aws_iam_policy_document",
      "name": "cluster_autoscaler",
      "provider": "provider[\"registry.terraform.io/hashicorp/aws\"]",
      "instances": [
        {
          "schema_version": 0,
          "attributes": {
            "id": "1560876111",
            "json": "{\n  \"Version\": \"2012-10-17\",\n  \"Statement\": [\n    {\n      \"Sid\": \"\",\n      \"Effect\": \"Allow\",\n      \"Action\": [\n        \"ec2:DescribeLaunchTemplateVersions\",\n        \"ec2:DescribeInstanceTypes\",\n        \"autoscaling:TerminateInstanceInAutoScalingGroup\",\n        \"autoscaling:SetDesiredCapacity\",\n        \"autoscaling:DescribeTags\",\n        \"autoscaling:DescribeLaunchConfigurations\",\n        \"autoscaling:DescribeAutoScalingInstances\",\n        \"autoscaling:DescribeAutoScalingGroups\"\n      ],\n      \"Resource\": \"*\"\n    }\n  ]\n}",
            "override_json": null,
            "override_policy_documents": null,
            "policy_id": null,
            "source_json": null,
            "source_policy_documents": null,
            "statement": [
              {
                "actions": [
                  "autoscaling:DescribeAutoScalingGroups",
                  "autoscaling:DescribeAutoScalingInstances",
                  "autoscaling:DescribeLaunchConfigurations",
                  "autoscaling:DescribeTags",
                  "autoscaling:SetDesiredCapacity",
                  "autoscaling:TerminateInstanceInAutoScalingGroup",
                  "ec2:DescribeInstanceTypes",
                  "ec2:DescribeLaunchTemplateVersions"
                ],
                "condition": [],
                "effect": "Allow",
                "not_actions": [],
                "not_principals": [],
                "not_resources": [],
                "principals": [],
                "resources": [
                  "*"
                ],
                "sid": ""
              }
            ],
            "version": "2012-10-17"
          },
          "sensitive_attributes": []
        }
      ]
    },
    {
      "module": "module.kubernetes-addons.module.cluster_autoscaler[0]",
      "mode": "managed",
      "type": "aws_iam_policy",
      "name": "cluster_autoscaler",
      "provider": "provider[\"registry.terraform.io/hashicorp/aws\"]",
      "instances": [
        {
          "schema_version": 0,
          "attributes": {
            "arn": "arn:aws:iam::214067368354:policy/aws001-preprod-dev-eks-cluster-autoscaler-irsa",
            "description": "Cluster Autoscaler IAM policy",
            "id": "arn:aws:iam::214067368354:policy/aws001-preprod-dev-eks-cluster-autoscaler-irsa",
            "name": "aws001-preprod-dev-eks-cluster-autoscaler-irsa",
            "name_prefix": null,
            "path": "/",
            "policy": "{\"Statement\":[{\"Action\":[\"ec2:DescribeLaunchTemplateVersions\",\"ec2:DescribeInstanceTypes\",\"autoscaling:TerminateInstanceInAutoScalingGroup\",\"autoscaling:SetDesiredCapacity\",\"autoscaling:DescribeTags\",\"autoscaling:DescribeLaunchConfigurations\",\"autoscaling:DescribeAutoScalingInstances\",\"autoscaling:DescribeAutoScalingGroups\"],\"Effect\":\"Allow\",\"Resource\":\"*\",\"Sid\":\"\"}],\"Version\":\"2012-10-17\"}",
            "policy_id": "ANPATDV3I2GROCJ5VEET3",
            "tags": null,
            "tags_all": {}
          },
          "sensitive_attributes": [],
          "private": "bnVsbA==",
          "dependencies": [
            "data.aws_availability_zones.available",
            "module.aws-eks-accelerator-for-terraform.data.aws_iam_policy_document.eks_key",
            "module.aws-eks-accelerator-for-terraform.module.aws_eks.aws_cloudwatch_log_group.this",
            "module.aws-eks-accelerator-for-terraform.module.aws_eks.aws_eks_cluster.this",
            "module.aws-eks-accelerator-for-terraform.module.aws_eks.aws_iam_role.cluster",
            "module.aws-eks-accelerator-for-terraform.module.aws_eks.aws_iam_role_policy_attachment.cluster_AmazonEKSClusterPolicy",
            "module.aws-eks-accelerator-for-terraform.module.aws_eks.aws_iam_role_policy_attachment.cluster_AmazonEKSServicePolicy",
            "module.aws-eks-accelerator-for-terraform.module.aws_eks.aws_iam_role_policy_attachment.cluster_AmazonEKSVPCResourceControllerPolicy",
            "module.aws-eks-accelerator-for-terraform.module.aws_eks.aws_security_group.cluster",
            "module.aws-eks-accelerator-for-terraform.module.aws_eks.aws_security_group.workers",
            "module.aws-eks-accelerator-for-terraform.module.aws_eks.aws_security_group_rule.cluster_egress_internet",
            "module.aws-eks-accelerator-for-terraform.module.aws_eks.aws_security_group_rule.cluster_https_worker_ingress",
            "module.aws-eks-accelerator-for-terraform.module.aws_eks.data.aws_iam_policy_document.cluster_assume_role_policy",
            "module.aws-eks-accelerator-for-terraform.module.aws_eks.data.aws_iam_role.custom_cluster_iam_role",
            "module.aws-eks-accelerator-for-terraform.module.aws_eks.data.aws_partition.current",
            "module.aws-eks-accelerator-for-terraform.module.aws_eks.data.http.wait_for_cluster",
            "module.aws-eks-accelerator-for-terraform.module.kms.aws_kms_key.this",
            "module.aws_vpc.aws_subnet.private",
            "module.aws_vpc.aws_vpc.this",
            "module.aws_vpc.aws_vpc_ipv4_cidr_block_association.this",
            "module.kubernetes-addons.data.aws_caller_identity.current",
            "module.kubernetes-addons.data.aws_eks_cluster.eks_cluster",
            "module.kubernetes-addons.data.aws_partition.current",
            "module.kubernetes-addons.data.aws_region.current",
            "module.kubernetes-addons.module.cluster_autoscaler.data.aws_iam_policy_document.cluster_autoscaler"
          ]
        }
      ]
    },
    {
      "module": "module.kubernetes-addons.module.cluster_autoscaler[0].module.helm_addon.module.irsa[0]",
      "mode": "managed",
      "type": "aws_iam_role",
      "name": "irsa",
      "provider": "provider[\"registry.terraform.io/hashicorp/aws\"]",
      "instances": [
        {
          "index_key": 0,
          "schema_version": 0,
          "attributes": {
            "arn": "arn:aws:iam::214067368354:role/aws001-preprod-dev-eks-cluster-autoscaler-sa-irsa",
            "assume_role_policy": "{\"Version\":\"2012-10-17\",\"Statement\":[{\"Effect\":\"Allow\",\"Principal\":{\"Federated\":\"arn:aws:iam::214067368354:oidc-provider/oidc.eks.ap-southeast-1.amazonaws.com/id/501C1F9F4822C89897210D33F536FE3F\"},\"Action\":\"sts:AssumeRoleWithWebIdentity\",\"Condition\":{\"StringLike\":{\"oidc.eks.ap-southeast-1.amazonaws.com/id/501C1F9F4822C89897210D33F536FE3F:sub\":\"system:serviceaccount:kube-system:cluster-autoscaler-sa\"}}}]}",
            "create_date": "2022-03-15T17:02:36Z",
            "description": "AWS IAM Role for the Kubernetes service account cluster-autoscaler-sa.",
            "force_detach_policies": true,
            "id": "aws001-preprod-dev-eks-cluster-autoscaler-sa-irsa",
            "inline_policy": [
              {
                "name": "",
                "policy": ""
              }
            ],
            "managed_policy_arns": [],
            "max_session_duration": 3600,
            "name": "aws001-preprod-dev-eks-cluster-autoscaler-sa-irsa",
            "name_prefix": "",
            "path": "/",
            "permissions_boundary": "",
            "tags": {
              "Name": "aws001-preprod-dev-eks-cluster-autoscaler-sa-irsa",
              "app.kubernetes.io/managed-by": "terraform-ssp-amazon-eks"
            },
            "tags_all": {
              "Name": "aws001-preprod-dev-eks-cluster-autoscaler-sa-irsa",
              "app.kubernetes.io/managed-by": "terraform-ssp-amazon-eks"
            },
            "unique_id": "AROATDV3I2GRFT4JH2EYY"
          },
          "sensitive_attributes": [],
          "private": "bnVsbA==",
          "dependencies": [
            "data.aws_availability_zones.available",
            "module.aws-eks-accelerator-for-terraform.data.aws_iam_policy_document.eks_key",
            "module.aws-eks-accelerator-for-terraform.module.aws_eks.aws_cloudwatch_log_group.this",
            "module.aws-eks-accelerator-for-terraform.module.aws_eks.aws_eks_cluster.this",
            "module.aws-eks-accelerator-for-terraform.module.aws_eks.aws_iam_role.cluster",
            "module.aws-eks-accelerator-for-terraform.module.aws_eks.aws_iam_role_policy_attachment.cluster_AmazonEKSClusterPolicy",
            "module.aws-eks-accelerator-for-terraform.module.aws_eks.aws_iam_role_policy_attachment.cluster_AmazonEKSServicePolicy",
            "module.aws-eks-accelerator-for-terraform.module.aws_eks.aws_iam_role_policy_attachment.cluster_AmazonEKSVPCResourceControllerPolicy",
            "module.aws-eks-accelerator-for-terraform.module.aws_eks.aws_security_group.cluster",
            "module.aws-eks-accelerator-for-terraform.module.aws_eks.aws_security_group.workers",
            "module.aws-eks-accelerator-for-terraform.module.aws_eks.aws_security_group_rule.cluster_egress_internet",
            "module.aws-eks-accelerator-for-terraform.module.aws_eks.aws_security_group_rule.cluster_https_worker_ingress",
            "module.aws-eks-accelerator-for-terraform.module.aws_eks.data.aws_iam_policy_document.cluster_assume_role_policy",
            "module.aws-eks-accelerator-for-terraform.module.aws_eks.data.aws_iam_role.custom_cluster_iam_role",
            "module.aws-eks-accelerator-for-terraform.module.aws_eks.data.aws_partition.current",
            "module.aws-eks-accelerator-for-terraform.module.aws_eks.data.http.wait_for_cluster",
            "module.aws-eks-accelerator-for-terraform.module.kms.aws_kms_key.this",
            "module.aws_vpc.aws_subnet.private",
            "module.aws_vpc.aws_vpc.this",
            "module.aws_vpc.aws_vpc_ipv4_cidr_block_association.this",
            "module.kubernetes-addons.data.aws_caller_identity.current",
            "module.kubernetes-addons.data.aws_eks_cluster.eks_cluster",
            "module.kubernetes-addons.data.aws_partition.current",
            "module.kubernetes-addons.data.aws_region.current",
            "module.kubernetes-addons.module.cluster_autoscaler.aws_iam_policy.cluster_autoscaler",
            "module.kubernetes-addons.module.cluster_autoscaler.data.aws_iam_policy_document.cluster_autoscaler"
          ]
        }
      ]
    },
    {
      "module": "module.kubernetes-addons.module.cluster_autoscaler[0].module.helm_addon.module.irsa[0]",
      "mode": "managed",
      "type": "aws_iam_role_policy_attachment",
      "name": "irsa",
      "provider": "provider[\"registry.terraform.io/hashicorp/aws\"]",
      "instances": [
        {
          "index_key": 0,
          "schema_version": 0,
          "attributes": {
            "id": "aws001-preprod-dev-eks-cluster-autoscaler-sa-irsa-20220315170238159000000011",
            "policy_arn": "arn:aws:iam::214067368354:policy/aws001-preprod-dev-eks-cluster-autoscaler-irsa",
            "role": "aws001-preprod-dev-eks-cluster-autoscaler-sa-irsa"
          },
          "sensitive_attributes": [],
          "private": "bnVsbA==",
          "dependencies": [
            "data.aws_availability_zones.available",
            "module.aws-eks-accelerator-for-terraform.data.aws_iam_policy_document.eks_key",
            "module.aws-eks-accelerator-for-terraform.module.aws_eks.aws_cloudwatch_log_group.this",
            "module.aws-eks-accelerator-for-terraform.module.aws_eks.aws_eks_cluster.this",
            "module.aws-eks-accelerator-for-terraform.module.aws_eks.aws_iam_role.cluster",
            "module.aws-eks-accelerator-for-terraform.module.aws_eks.aws_iam_role_policy_attachment.cluster_AmazonEKSClusterPolicy",
            "module.aws-eks-accelerator-for-terraform.module.aws_eks.aws_iam_role_policy_attachment.cluster_AmazonEKSServicePolicy",
            "module.aws-eks-accelerator-for-terraform.module.aws_eks.aws_iam_role_policy_attachment.cluster_AmazonEKSVPCResourceControllerPolicy",
            "module.aws-eks-accelerator-for-terraform.module.aws_eks.aws_security_group.cluster",
            "module.aws-eks-accelerator-for-terraform.module.aws_eks.aws_security_group.workers",
            "module.aws-eks-accelerator-for-terraform.module.aws_eks.aws_security_group_rule.cluster_egress_internet",
            "module.aws-eks-accelerator-for-terraform.module.aws_eks.aws_security_group_rule.cluster_https_worker_ingress",
            "module.aws-eks-accelerator-for-terraform.module.aws_eks.data.aws_iam_policy_document.cluster_assume_role_policy",
            "module.aws-eks-accelerator-for-terraform.module.aws_eks.data.aws_iam_role.custom_cluster_iam_role",
            "module.aws-eks-accelerator-for-terraform.module.aws_eks.data.aws_partition.current",
            "module.aws-eks-accelerator-for-terraform.module.aws_eks.data.http.wait_for_cluster",
            "module.aws-eks-accelerator-for-terraform.module.kms.aws_kms_key.this",
            "module.aws_vpc.aws_subnet.private",
            "module.aws_vpc.aws_vpc.this",
            "module.aws_vpc.aws_vpc_ipv4_cidr_block_association.this",
            "module.kubernetes-addons.data.aws_caller_identity.current",
            "module.kubernetes-addons.data.aws_eks_cluster.eks_cluster",
            "module.kubernetes-addons.data.aws_partition.current",
            "module.kubernetes-addons.data.aws_region.current",
            "module.kubernetes-addons.module.cluster_autoscaler.aws_iam_policy.cluster_autoscaler",
            "module.kubernetes-addons.module.cluster_autoscaler.data.aws_iam_policy_document.cluster_autoscaler",
            "module.kubernetes-addons.module.cluster_autoscaler.module.helm_addon.module.irsa.aws_iam_role.irsa"
          ]
        }
      ]
    }
  ]
}
